{
  "version": 4,
  "terraform_version": "1.11.3",
  "serial": 159,
  "lineage": "a153d0bd-a693-6952-da38-3ec1d9d89593",
  "outputs": {
    "ec2_public_ip": {
      "value": "44.192.11.230",
      "type": "string"
    },
    "rds_endpoint": {
      "value": "serpent-db.cstiwmk8m9ja.us-east-1.rds.amazonaws.com:3306",
      "type": "string"
    },
    "s3_bucket_name": {
      "value": "serpent-surge-backups-149a9d4e",
      "type": "string"
    },
    "ssh_private_key": {
      "value": "-----BEGIN RSA PRIVATE KEY-----\nMIIJKQIBAAKCAgEA1mNTHNG70GT8pYV/nWZfgQxiO9j7cwu6K+fJGh9M5JZN8SKV\nkwh/DzlvQZUR7dWiT7D/dJsJjxtubSdZDDPIUMz/KAdXYtzxg1XsKm/jJOXzQWFK\nh+rIb7OHEzosyNA2iwjsFEuBcKMWVmIBIMs1taGIm5avfiAFXM00VeNO7Wd4YytF\n7Nu0xR6TBfHkodnDhYtnFab8jG2Kv6KtZ18vQXijTlz3InCYqjoFDOoIw28brwco\nzVKXZ3fhwaNRTCYinBNAIihXLNEDkDw6RR5YwtUm5T70t/jMddIh6yNRemau28xU\nCLg03dhNWBqsAGOlPRTLjIwEAhgQimLqLTIAgX5beqlAEdKlw0YG0j07OSxyNF5f\nfwcEnZczZchVJX4ti3LstSleIRTRuJLBEEdpUtJBS3/jTCK3FGds3gyuZLPWnegV\nGcwrAgY2WkPdx+mHs5OFZJw304E+08ly8wMI/zclu5J99lBAsDshJHUejh1Vlsq9\nn50h+PLKW32ZuZzHrcFq2FxQdXRyp1YbdXlWjrc6WPk5j5soGg7Z36Z6BtM7wJlV\n9wIF0GODEmhe06pP3sfECt+WnGwiU7LOTpKGispc2e0VDP4J3TpFPrMGVzTuFb9e\nsn7ZfxNYvM/0g/+7Utsu8hQOudjO8HAiINQkbSfq73vuHhQTqdBQrp+Mtj8CAwEA\nAQKCAgA0tAAnkou4REszqajgmd0ajV/M1J+j/ZsL1hRC/rTZcPXCNL1OgwUxSe5G\n0g2xSRZ4vstd8AseiiDQZp7meAhjjLGhNoTOAgDBR6siF5VgacMuLGu1FAuoIhsv\np9qAl2cBMPVQW+t7NCx2mesrE6mleAtsLFQCDn8i/DNEdffeNtSKlIXBH5XF66k7\nCecpvq3pM4bo9L8bCobUa3pzchvc3XpP9lyus71kA5VgQlxbJwJIOdtW9lnQDtGJ\n18tRjAJwGe9nNkGP++YDXDr66OXrJ5lDPAHPBDPHNxwtgOYzz/BmikmSRy5/5v/E\ni/ICunxRkr4jU/xcQ2w1iPGGoMcsmxYP+m7BTDXo5aHTJeb5qXXIir3wAvQzFZju\nxtcHH0ui66Hi0wpZj8AqGley0lBCTEaIarLO5JrqXDasThycecn9FGBTNMKzKlYf\nqPPGEVtVzSHg2DXaMqikdsm62ymuH9bYw8O2Z+K6lYr0x1aSYmxcbTw+k0co4qLE\n1nf7qKuGUiIB/C743YL+jVkDAOJF6AEJsPlNYqrA1h1uyf5xur8cIh1s2J/yZas6\ntfzUf/XQ3aQgpOaeW+pmviMsgxc2L0Nmamc9L70VhqOwRsE6D0A7uFCw4s+aUT1F\nMqnNgFThhYDzv6bSCAnpPlJDxk0JMKY4ExnpQNMwdY/PFtbgeQKCAQEA8Wqx2mgp\nRJMkj13v+BYAdldcdhWIjyhsffj/dQbLI/3U/HDz4dxNBQRu3MS9gQ63j4OzdlX4\nTO+B+ejBF1X2/RStspnG30NAUEj+Ziad6WxrZwwew/A//A8tewVbkXqzn9jSoIpp\nCOj2Gth8bba21s/5Rv695ZqgQ7BRphvJzC3AtfxUBv4TwkQWX9MP34wa5I1Jee+g\nfhzvsvgBlM1uSD0rFnOJ3hkgWqOKflEhK8o7gnvIO6fc8d5zBNCFjoQuhDYDu22I\n31q2mzw294fnI7tZgYUaHXihPsMcdtdtK6xDnKvAvzeH3zqcA/kNaRz59a/nci0w\nacXVNApjo/ol5QKCAQEA41anFQA9rU8H+X8Y50hYRwMu+ZXTDTh2ikByoLE8TLMm\nQkniunuS+cRkWZb94ChadCkTwFgmo1UmfJAqSxaCLG4GzGFh8JvukR80gYQkRyzS\nXA2CQZ4fDllfy/Ax+SaL434IED7d3LA90PAItqX1WtlXQapSx7l97s8smtPh6rSK\nnO3W+REGuCywtFC/0xGsdy8DChoVkTISTcy4Pp9lV9T8jYWRMYN7LO7XtY+evx/y\nMBXejN9UrItOvU921GBHzOtdzOMPwmyFWDH+z6p4o9smwgO3Pwhn+oEGuha/HV49\nlqlO6JcqHJnzRM8vmPgsEA+kDfsEBr5fieLH5dHpUwKCAQEA1VM5m8xFAyKewMz6\nOpd+ixQBURsQE6hdzicT3R5GrSQka3mIGEHqEQ/swspaxkrx6zAuidfH1Hwjt2h0\nD6HX4aS/JD38XNb5YrhNjIh9K4Gxmlo8aVnHwHzM7JM8ad4qEYqv/EqyK7xnlCtO\nMEivYjxegtyhgt1S1t1cGNMfS3v2eRliSteDMDuoJb7EnP4Z2XH7xnL3t9jr+pJq\nG0o4ND9Q7sLjxc0gKNewjpQ0IpTOZyvoMMbRVy0BJ/T2v4uP6yYrwBg3RV7MU3ou\n/CYsGgf4PJoYDIjGu0X/xgfwoRHUoQGoDZANUTViHaSatBJ10iNA+kRyLlUxY432\npDRr/QKCAQAJVpHeZvghmlF1iib3uR0HLbZMQj89F8imvSb4Os+DRwiXSHmrt0++\nOrb0hyM+henRQ66wA+7yXpkKHNHf67jFIm/dDVL8kyslguahO1BSLCEn7tYe4+Pa\nrwkkU2V6Gn88hPzHzg1G92ZSosl41zBQ3wSaieiEk7X8jT4DzhhFj8zxzUM7T9u6\nzPslLPv0K5GuA5xYWeHw6OGfmH0o9VswVGtbVNU193Sjz9vEdXXL3AASwZM2riXI\nQKCnXhA/gQTyAekEdX88OUDw8nzJAvOZp3LcHVL1n97Fh29DTZPkHO7itWmsXCk6\nq4g2l1wZKHiG4F2YxWrQ7Bj4jPwxEIJJAoIBAQDilylx5E4R6U396uDMOyDVtq5w\n8NStQ1mY75/W70qVAppesnXrj4VFnXVmxktW6lMY4/CQpNR4o8Ej62HgKZog8WRP\nbNvpH9GvIFjbVOl6mX1sSMmaVaVvLxdvtCqY9HvtcK/mHFHLteoMntTR+tMkz+Fk\n/v3iCtViG6PabWo8vEpuYxL1jhb6OVZeY6f7Od688psXcuxoJeWdw8YEKIwXw+hc\nJl6GqMkJ9s/VoMiW3dtbis7p2xxBerUpC411euD8Tk5HpJiLN8nmnETYAInwQbCZ\nW2xIjaxPkv4epOfvREZ+CilhLRDTerFgZpFPqQyZ1YsDuQ2qTQSXaeOBW2yP\n-----END RSA PRIVATE KEY-----\n",
      "type": "string",
      "sensitive": true
    }
  },
  "resources": [
    {
      "mode": "data",
      "type": "aws_ami",
      "name": "ubuntu",
      "provider": "provider[\"registry.terraform.io/hashicorp/aws\"]",
      "instances": [
        {
          "schema_version": 0,
          "attributes": {
            "architecture": "x86_64",
            "arn": "arn:aws:ec2:us-east-1::image/ami-0655cec52acf2717b",
            "block_device_mappings": [
              {
                "device_name": "/dev/sda1",
                "ebs": {
                  "delete_on_termination": "true",
                  "encrypted": "false",
                  "iops": "0",
                  "snapshot_id": "snap-0ea0715c3204157c8",
                  "throughput": "0",
                  "volume_size": "8",
                  "volume_type": "gp2"
                },
                "no_device": "",
                "virtual_name": ""
              },
              {
                "device_name": "/dev/sdb",
                "ebs": {},
                "no_device": "",
                "virtual_name": "ephemeral0"
              },
              {
                "device_name": "/dev/sdc",
                "ebs": {},
                "no_device": "",
                "virtual_name": "ephemeral1"
              }
            ],
            "boot_mode": "uefi-preferred",
            "creation_date": "2025-03-27T06:52:03.000Z",
            "deprecation_time": "2027-03-27T06:52:03.000Z",
            "description": "Canonical, Ubuntu, 22.04, amd64 jammy image",
            "ena_support": true,
            "executable_users": null,
            "filter": [
              {
                "name": "name",
                "values": [
                  "ubuntu/images/hvm-ssd/ubuntu-jammy-22.04-amd64-server-*"
                ]
              },
              {
                "name": "root-device-type",
                "values": [
                  "ebs"
                ]
              },
              {
                "name": "virtualization-type",
                "values": [
                  "hvm"
                ]
              }
            ],
            "hypervisor": "xen",
            "id": "ami-0655cec52acf2717b",
            "image_id": "ami-0655cec52acf2717b",
            "image_location": "amazon/ubuntu/images/hvm-ssd/ubuntu-jammy-22.04-amd64-server-20250327",
            "image_owner_alias": "amazon",
            "image_type": "machine",
            "imds_support": "",
            "include_deprecated": false,
            "kernel_id": "",
            "last_launched_time": "",
            "most_recent": true,
            "name": "ubuntu/images/hvm-ssd/ubuntu-jammy-22.04-amd64-server-20250327",
            "name_regex": null,
            "owner_id": "099720109477",
            "owners": [
              "099720109477"
            ],
            "platform": "",
            "platform_details": "Linux/UNIX",
            "product_codes": [],
            "public": true,
            "ramdisk_id": "",
            "root_device_name": "/dev/sda1",
            "root_device_type": "ebs",
            "root_snapshot_id": "snap-0ea0715c3204157c8",
            "sriov_net_support": "simple",
            "state": "available",
            "state_reason": {
              "code": "UNSET",
              "message": "UNSET"
            },
            "tags": {},
            "timeouts": null,
            "tpm_support": "",
            "uefi_data": null,
            "usage_operation": "RunInstances",
            "virtualization_type": "hvm"
          },
          "sensitive_attributes": []
        }
      ]
    },
    {
      "mode": "managed",
      "type": "aws_db_instance",
      "name": "mysql",
      "provider": "provider[\"registry.terraform.io/hashicorp/aws\"]",
      "instances": [
        {
          "schema_version": 2,
          "attributes": {
            "address": "serpent-db.cstiwmk8m9ja.us-east-1.rds.amazonaws.com",
            "allocated_storage": 20,
            "allow_major_version_upgrade": null,
            "apply_immediately": false,
            "arn": "arn:aws:rds:us-east-1:064190739500:db:serpent-db",
            "auto_minor_version_upgrade": true,
            "availability_zone": "us-east-1b",
            "backup_retention_period": 0,
            "backup_target": "region",
            "backup_window": "03:01-03:31",
            "blue_green_update": [],
            "ca_cert_identifier": "rds-ca-rsa2048-g1",
            "character_set_name": "",
            "copy_tags_to_snapshot": false,
            "custom_iam_instance_profile": "",
            "customer_owned_ip_enabled": false,
            "database_insights_mode": "standard",
            "db_name": "serpent_surge_db",
            "db_subnet_group_name": "serpent-db-subnet-group",
            "dedicated_log_volume": false,
            "delete_automated_backups": true,
            "deletion_protection": false,
            "domain": "",
            "domain_auth_secret_arn": "",
            "domain_dns_ips": null,
            "domain_fqdn": "",
            "domain_iam_role_name": "",
            "domain_ou": "",
            "enabled_cloudwatch_logs_exports": null,
            "endpoint": "serpent-db.cstiwmk8m9ja.us-east-1.rds.amazonaws.com:3306",
            "engine": "mysql",
            "engine_lifecycle_support": "open-source-rds-extended-support",
            "engine_version": "8.0",
            "engine_version_actual": "8.0.40",
            "final_snapshot_identifier": null,
            "hosted_zone_id": "Z2R2ITUGPM61AM",
            "iam_database_authentication_enabled": false,
            "id": "db-EUN5FJCRSWJ3JA24L4KFWO4T4Y",
            "identifier": "serpent-db",
            "identifier_prefix": "",
            "instance_class": "db.t3.micro",
            "iops": 0,
            "kms_key_id": "",
            "latest_restorable_time": "",
            "license_model": "general-public-license",
            "listener_endpoint": [],
            "maintenance_window": "fri:06:07-fri:06:37",
            "manage_master_user_password": null,
            "master_user_secret": [],
            "master_user_secret_kms_key_id": null,
            "max_allocated_storage": 0,
            "monitoring_interval": 0,
            "monitoring_role_arn": "",
            "multi_az": false,
            "nchar_character_set_name": "",
            "network_type": "IPV4",
            "option_group_name": "default:mysql-8-0",
            "parameter_group_name": "default.mysql8.0",
            "password": "adminpassword",
            "password_wo": null,
            "password_wo_version": null,
            "performance_insights_enabled": false,
            "performance_insights_kms_key_id": "",
            "performance_insights_retention_period": 0,
            "port": 3306,
            "publicly_accessible": true,
            "replica_mode": "",
            "replicas": [],
            "replicate_source_db": "",
            "resource_id": "db-EUN5FJCRSWJ3JA24L4KFWO4T4Y",
            "restore_to_point_in_time": [],
            "s3_import": [],
            "skip_final_snapshot": true,
            "snapshot_identifier": null,
            "status": "available",
            "storage_encrypted": false,
            "storage_throughput": 0,
            "storage_type": "gp2",
            "tags": {
              "Name": "serpent-db"
            },
            "tags_all": {
              "Name": "serpent-db"
            },
            "timeouts": null,
            "timezone": "",
            "upgrade_storage_config": null,
            "username": "admin",
            "vpc_security_group_ids": [
              "sg-01ce549fce6bd9699"
            ]
          },
          "sensitive_attributes": [
            [
              {
                "type": "get_attr",
                "value": "password_wo"
              }
            ],
            [
              {
                "type": "get_attr",
                "value": "password"
              }
            ]
          ],
          "private": "eyJlMmJmYjczMC1lY2FhLTExZTYtOGY4OC0zNDM2M2JjN2M0YzAiOnsiY3JlYXRlIjozMDAwMDAwMDAwMDAwLCJkZWxldGUiOjM2MDAwMDAwMDAwMDAsInVwZGF0ZSI6NDgwMDAwMDAwMDAwMH0sInNjaGVtYV92ZXJzaW9uIjoiMiJ9",
          "dependencies": [
            "aws_db_subnet_group.default",
            "aws_security_group.main",
            "aws_subnet.public_1",
            "aws_subnet.public_2",
            "aws_vpc.main"
          ]
        }
      ]
    },
    {
      "mode": "managed",
      "type": "aws_db_subnet_group",
      "name": "default",
      "provider": "provider[\"registry.terraform.io/hashicorp/aws\"]",
      "instances": [
        {
          "schema_version": 0,
          "attributes": {
            "arn": "arn:aws:rds:us-east-1:064190739500:subgrp:serpent-db-subnet-group",
            "description": "Managed by Terraform",
            "id": "serpent-db-subnet-group",
            "name": "serpent-db-subnet-group",
            "name_prefix": "",
            "subnet_ids": [
              "subnet-08d449679ddc7d8d4",
              "subnet-0bb04a6f89390fce2"
            ],
            "supported_network_types": [
              "IPV4"
            ],
            "tags": null,
            "tags_all": {},
            "vpc_id": "vpc-0dc95109d32f517d3"
          },
          "sensitive_attributes": [],
          "private": "bnVsbA==",
          "dependencies": [
            "aws_subnet.public_1",
            "aws_subnet.public_2",
            "aws_vpc.main"
          ]
        }
      ]
    },
    {
      "mode": "managed",
      "type": "aws_iam_instance_profile",
      "name": "ec2_instance_profile",
      "provider": "provider[\"registry.terraform.io/hashicorp/aws\"]",
      "instances": [
        {
          "schema_version": 0,
          "attributes": {
            "arn": "arn:aws:iam::064190739500:instance-profile/SerpentEC2InstanceProfile",
            "create_date": "2025-04-09T07:50:43Z",
            "id": "SerpentEC2InstanceProfile",
            "name": "SerpentEC2InstanceProfile",
            "name_prefix": "",
            "path": "/",
            "role": "SerpentEC2S3Role",
            "tags": null,
            "tags_all": {},
            "unique_id": "AIPAQ54QQ6QWJLBRIGSDH"
          },
          "sensitive_attributes": [],
          "private": "bnVsbA==",
          "dependencies": [
            "aws_iam_role.ec2_backup_role"
          ]
        }
      ]
    },
    {
      "mode": "managed",
      "type": "aws_iam_policy",
      "name": "s3_backup_policy",
      "provider": "provider[\"registry.terraform.io/hashicorp/aws\"]",
      "instances": [
        {
          "schema_version": 0,
          "attributes": {
            "arn": "arn:aws:iam::064190739500:policy/SerpentS3BackupPolicy",
            "attachment_count": 0,
            "description": "Allow EC2 to upload backups to S3",
            "id": "arn:aws:iam::064190739500:policy/SerpentS3BackupPolicy",
            "name": "SerpentS3BackupPolicy",
            "name_prefix": "",
            "path": "/",
            "policy": "{\"Statement\":[{\"Action\":[\"s3:PutObject\",\"s3:GetObject\",\"s3:ListBucket\",\"s3:DeleteObject\"],\"Effect\":\"Allow\",\"Resource\":[\"arn:aws:s3:::serpent-surge-backups-149a9d4e/*\",\"arn:aws:s3:::serpent-surge-backups-149a9d4e\"]}],\"Version\":\"2012-10-17\"}",
            "policy_id": "ANPAQ54QQ6QWBP4GQ2M3Y",
            "tags": null,
            "tags_all": {}
          },
          "sensitive_attributes": [],
          "private": "bnVsbA==",
          "dependencies": [
            "aws_s3_bucket.backups",
            "random_id.suffix"
          ]
        }
      ]
    },
    {
      "mode": "managed",
      "type": "aws_iam_role",
      "name": "ec2_backup_role",
      "provider": "provider[\"registry.terraform.io/hashicorp/aws\"]",
      "instances": [
        {
          "schema_version": 0,
          "attributes": {
            "arn": "arn:aws:iam::064190739500:role/SerpentEC2S3Role",
            "assume_role_policy": "{\"Statement\":[{\"Action\":\"sts:AssumeRole\",\"Effect\":\"Allow\",\"Principal\":{\"Service\":\"ec2.amazonaws.com\"}}],\"Version\":\"2012-10-17\"}",
            "create_date": "2025-04-09T07:50:42Z",
            "description": "",
            "force_detach_policies": false,
            "id": "SerpentEC2S3Role",
            "inline_policy": [],
            "managed_policy_arns": [],
            "max_session_duration": 3600,
            "name": "SerpentEC2S3Role",
            "name_prefix": "",
            "path": "/",
            "permissions_boundary": "",
            "tags": null,
            "tags_all": {},
            "unique_id": "AROAQ54QQ6QWJ45N64X46"
          },
          "sensitive_attributes": [],
          "private": "bnVsbA=="
        }
      ]
    },
    {
      "mode": "managed",
      "type": "aws_iam_role_policy_attachment",
      "name": "ec2_backup_attachment",
      "provider": "provider[\"registry.terraform.io/hashicorp/aws\"]",
      "instances": [
        {
          "schema_version": 0,
          "attributes": {
            "id": "SerpentEC2S3Role-20250409075046932300000001",
            "policy_arn": "arn:aws:iam::064190739500:policy/SerpentS3BackupPolicy",
            "role": "SerpentEC2S3Role"
          },
          "sensitive_attributes": [],
          "private": "bnVsbA==",
          "dependencies": [
            "aws_iam_policy.s3_backup_policy",
            "aws_iam_role.ec2_backup_role",
            "aws_s3_bucket.backups",
            "random_id.suffix"
          ]
        }
      ]
    },
    {
      "mode": "managed",
      "type": "aws_instance",
      "name": "web",
      "provider": "provider[\"registry.terraform.io/hashicorp/aws\"]",
      "instances": [
        {
          "schema_version": 1,
          "attributes": {
            "ami": "ami-0655cec52acf2717b",
            "arn": "arn:aws:ec2:us-east-1:064190739500:instance/i-02a19a537bc8556d3",
            "associate_public_ip_address": true,
            "availability_zone": "us-east-1a",
            "capacity_reservation_specification": [
              {
                "capacity_reservation_preference": "open",
                "capacity_reservation_target": []
              }
            ],
            "cpu_core_count": 1,
            "cpu_options": [
              {
                "amd_sev_snp": "",
                "core_count": 1,
                "threads_per_core": 2
              }
            ],
            "cpu_threads_per_core": 2,
            "credit_specification": [
              {
                "cpu_credits": "unlimited"
              }
            ],
            "disable_api_stop": false,
            "disable_api_termination": false,
            "ebs_block_device": [],
            "ebs_optimized": false,
            "enable_primary_ipv6": null,
            "enclave_options": [
              {
                "enabled": false
              }
            ],
            "ephemeral_block_device": [],
            "get_password_data": false,
            "hibernation": false,
            "host_id": "",
            "host_resource_group_arn": null,
            "iam_instance_profile": "SerpentEC2InstanceProfile",
            "id": "i-02a19a537bc8556d3",
            "instance_initiated_shutdown_behavior": "stop",
            "instance_lifecycle": "",
            "instance_market_options": [],
            "instance_state": "running",
            "instance_type": "t3.micro",
            "ipv6_address_count": 0,
            "ipv6_addresses": [],
            "key_name": "serpent-surge-key",
            "launch_template": [],
            "maintenance_options": [
              {
                "auto_recovery": "default"
              }
            ],
            "metadata_options": [
              {
                "http_endpoint": "enabled",
                "http_protocol_ipv6": "disabled",
                "http_put_response_hop_limit": 1,
                "http_tokens": "optional",
                "instance_metadata_tags": "disabled"
              }
            ],
            "monitoring": false,
            "network_interface": [],
            "outpost_arn": "",
            "password_data": "",
            "placement_group": "",
            "placement_partition_number": 0,
            "primary_network_interface_id": "eni-00b7efad3e61d7791",
            "private_dns": "ip-10-0-1-34.ec2.internal",
            "private_dns_name_options": [
              {
                "enable_resource_name_dns_a_record": false,
                "enable_resource_name_dns_aaaa_record": false,
                "hostname_type": "ip-name"
              }
            ],
            "private_ip": "10.0.1.34",
            "public_dns": "ec2-44-192-11-230.compute-1.amazonaws.com",
            "public_ip": "44.192.11.230",
            "root_block_device": [
              {
                "delete_on_termination": true,
                "device_name": "/dev/sda1",
                "encrypted": false,
                "iops": 100,
                "kms_key_id": "",
                "tags": {},
                "tags_all": {},
                "throughput": 0,
                "volume_id": "vol-09fa1ec47d55c22bf",
                "volume_size": 8,
                "volume_type": "gp2"
              }
            ],
            "secondary_private_ips": [],
            "security_groups": [],
            "source_dest_check": true,
            "spot_instance_request_id": "",
            "subnet_id": "subnet-0bb04a6f89390fce2",
            "tags": {
              "Name": "serpent-surge-server"
            },
            "tags_all": {
              "Name": "serpent-surge-server"
            },
            "tenancy": "default",
            "timeouts": null,
            "user_data": null,
            "user_data_base64": null,
            "user_data_replace_on_change": false,
            "volume_tags": null,
            "vpc_security_group_ids": [
              "sg-01ce549fce6bd9699"
            ]
          },
          "sensitive_attributes": [],
          "private": "eyJlMmJmYjczMC1lY2FhLTExZTYtOGY4OC0zNDM2M2JjN2M0YzAiOnsiY3JlYXRlIjo2MDAwMDAwMDAwMDAsImRlbGV0ZSI6MTIwMDAwMDAwMDAwMCwicmVhZCI6OTAwMDAwMDAwMDAwLCJ1cGRhdGUiOjYwMDAwMDAwMDAwMH0sInNjaGVtYV92ZXJzaW9uIjoiMSJ9",
          "dependencies": [
            "aws_iam_instance_profile.ec2_instance_profile",
            "aws_iam_role.ec2_backup_role",
            "aws_key_pair.deployer",
            "aws_security_group.main",
            "aws_subnet.public_1",
            "aws_vpc.main",
            "data.aws_ami.ubuntu",
            "tls_private_key.ssh_key"
          ]
        }
      ]
    },
    {
      "mode": "managed",
      "type": "aws_internet_gateway",
      "name": "gw",
      "provider": "provider[\"registry.terraform.io/hashicorp/aws\"]",
      "instances": [
        {
          "schema_version": 0,
          "attributes": {
            "arn": "arn:aws:ec2:us-east-1:064190739500:internet-gateway/igw-0774fe948637716d7",
            "id": "igw-0774fe948637716d7",
            "owner_id": "064190739500",
            "tags": {
              "Name": "serpent-gw"
            },
            "tags_all": {
              "Name": "serpent-gw"
            },
            "timeouts": null,
            "vpc_id": "vpc-0dc95109d32f517d3"
          },
          "sensitive_attributes": [],
          "private": "eyJlMmJmYjczMC1lY2FhLTExZTYtOGY4OC0zNDM2M2JjN2M0YzAiOnsiY3JlYXRlIjoxMjAwMDAwMDAwMDAwLCJkZWxldGUiOjEyMDAwMDAwMDAwMDAsInVwZGF0ZSI6MTIwMDAwMDAwMDAwMH19",
          "dependencies": [
            "aws_vpc.main"
          ]
        }
      ]
    },
    {
      "mode": "managed",
      "type": "aws_key_pair",
      "name": "deployer",
      "provider": "provider[\"registry.terraform.io/hashicorp/aws\"]",
      "instances": [
        {
          "schema_version": 1,
          "attributes": {
            "arn": "arn:aws:ec2:us-east-1:064190739500:key-pair/serpent-surge-key",
            "fingerprint": "5b:95:c9:36:c5:dc:d9:d9:dc:4e:e2:44:08:c5:3e:8d",
            "id": "serpent-surge-key",
            "key_name": "serpent-surge-key",
            "key_name_prefix": "",
            "key_pair_id": "key-06ecc95ff3001c726",
            "key_type": "rsa",
            "public_key": "ssh-rsa AAAAB3NzaC1yc2EAAAADAQABAAACAQDWY1Mc0bvQZPylhX+dZl+BDGI72PtzC7or58kaH0zklk3xIpWTCH8POW9BlRHt1aJPsP90mwmPG25tJ1kMM8hQzP8oB1di3PGDVewqb+Mk5fNBYUqH6shvs4cTOizI0DaLCOwUS4FwoxZWYgEgyzW1oYiblq9+IAVczTRV407tZ3hjK0Xs27TFHpMF8eSh2cOFi2cVpvyMbYq/oq1nXy9BeKNOXPcicJiqOgUM6gjDbxuvByjNUpdnd+HBo1FMJiKcE0AiKFcs0QOQPDpFHljC1SblPvS3+Mx10iHrI1F6Zq7bzFQIuDTd2E1YGqwAY6U9FMuMjAQCGBCKYuotMgCBflt6qUAR0qXDRgbSPTs5LHI0Xl9/BwSdlzNlyFUlfi2Lcuy1KV4hFNG4ksEQR2lS0kFLf+NMIrcUZ2zeDK5ks9ad6BUZzCsCBjZaQ93H6Yezk4VknDfTgT7TyXLzAwj/NyW7kn32UECwOyEkdR6OHVWWyr2fnSH48spbfZm5nMetwWrYXFB1dHKnVht1eVaOtzpY+TmPmygaDtnfpnoG0zvAmVX3AgXQY4MSaF7Tqk/ex8QK35acbCJTss5OkoaKylzZ7RUM/gndOkU+swZXNO4Vv16yftl/E1i8z/SD/7tS2y7yFA652M7wcCIg1CRtJ+rve+4eFBOp0FCun4y2Pw==",
            "tags": null,
            "tags_all": {}
          },
          "sensitive_attributes": [],
          "private": "eyJzY2hlbWFfdmVyc2lvbiI6IjEifQ==",
          "dependencies": [
            "tls_private_key.ssh_key"
          ]
        }
      ]
    },
    {
      "mode": "managed",
      "type": "aws_route_table",
      "name": "public",
      "provider": "provider[\"registry.terraform.io/hashicorp/aws\"]",
      "instances": [
        {
          "schema_version": 0,
          "attributes": {
            "arn": "arn:aws:ec2:us-east-1:064190739500:route-table/rtb-0a4344340d08939bd",
            "id": "rtb-0a4344340d08939bd",
            "owner_id": "064190739500",
            "propagating_vgws": [],
            "route": [
              {
                "carrier_gateway_id": "",
                "cidr_block": "0.0.0.0/0",
                "core_network_arn": "",
                "destination_prefix_list_id": "",
                "egress_only_gateway_id": "",
                "gateway_id": "igw-0774fe948637716d7",
                "ipv6_cidr_block": "",
                "local_gateway_id": "",
                "nat_gateway_id": "",
                "network_interface_id": "",
                "transit_gateway_id": "",
                "vpc_endpoint_id": "",
                "vpc_peering_connection_id": ""
              }
            ],
            "tags": {
              "Name": "public-rt"
            },
            "tags_all": {
              "Name": "public-rt"
            },
            "timeouts": null,
            "vpc_id": "vpc-0dc95109d32f517d3"
          },
          "sensitive_attributes": [],
          "private": "eyJlMmJmYjczMC1lY2FhLTExZTYtOGY4OC0zNDM2M2JjN2M0YzAiOnsiY3JlYXRlIjozMDAwMDAwMDAwMDAsImRlbGV0ZSI6MzAwMDAwMDAwMDAwLCJ1cGRhdGUiOjEyMDAwMDAwMDAwMH19",
          "dependencies": [
            "aws_internet_gateway.gw",
            "aws_vpc.main"
          ]
        }
      ]
    },
    {
      "mode": "managed",
      "type": "aws_route_table_association",
      "name": "public_1",
      "provider": "provider[\"registry.terraform.io/hashicorp/aws\"]",
      "instances": [
        {
          "schema_version": 0,
          "attributes": {
            "gateway_id": "",
            "id": "rtbassoc-02e3102945136ea50",
            "route_table_id": "rtb-0a4344340d08939bd",
            "subnet_id": "subnet-0bb04a6f89390fce2",
            "timeouts": null
          },
          "sensitive_attributes": [],
          "private": "eyJlMmJmYjczMC1lY2FhLTExZTYtOGY4OC0zNDM2M2JjN2M0YzAiOnsiY3JlYXRlIjozMDAwMDAwMDAwMDAsImRlbGV0ZSI6MzAwMDAwMDAwMDAwLCJ1cGRhdGUiOjEyMDAwMDAwMDAwMH19",
          "dependencies": [
            "aws_internet_gateway.gw",
            "aws_route_table.public",
            "aws_subnet.public_1",
            "aws_vpc.main"
          ]
        }
      ]
    },
    {
      "mode": "managed",
      "type": "aws_route_table_association",
      "name": "public_2",
      "provider": "provider[\"registry.terraform.io/hashicorp/aws\"]",
      "instances": [
        {
          "schema_version": 0,
          "attributes": {
            "gateway_id": "",
            "id": "rtbassoc-08b1e605373f55ed0",
            "route_table_id": "rtb-0a4344340d08939bd",
            "subnet_id": "subnet-08d449679ddc7d8d4",
            "timeouts": null
          },
          "sensitive_attributes": [],
          "private": "eyJlMmJmYjczMC1lY2FhLTExZTYtOGY4OC0zNDM2M2JjN2M0YzAiOnsiY3JlYXRlIjozMDAwMDAwMDAwMDAsImRlbGV0ZSI6MzAwMDAwMDAwMDAwLCJ1cGRhdGUiOjEyMDAwMDAwMDAwMH19",
          "dependencies": [
            "aws_internet_gateway.gw",
            "aws_route_table.public",
            "aws_subnet.public_2",
            "aws_vpc.main"
          ]
        }
      ]
    },
    {
      "mode": "managed",
      "type": "aws_s3_bucket",
      "name": "backups",
      "provider": "provider[\"registry.terraform.io/hashicorp/aws\"]",
      "instances": [
        {
          "schema_version": 0,
          "attributes": {
            "acceleration_status": "",
            "acl": null,
            "arn": "arn:aws:s3:::serpent-surge-backups-149a9d4e",
            "bucket": "serpent-surge-backups-149a9d4e",
            "bucket_domain_name": "serpent-surge-backups-149a9d4e.s3.amazonaws.com",
            "bucket_prefix": "",
            "bucket_regional_domain_name": "serpent-surge-backups-149a9d4e.s3.us-east-1.amazonaws.com",
            "cors_rule": [],
            "force_destroy": true,
            "grant": [
              {
                "id": "9f1039b59b64692f6290c6c9d13623653d714412b207a3be5b674de4a76dae30",
                "permissions": [
                  "FULL_CONTROL"
                ],
                "type": "CanonicalUser",
                "uri": ""
              }
            ],
            "hosted_zone_id": "Z3AQBSTGFYJSTF",
            "id": "serpent-surge-backups-149a9d4e",
            "lifecycle_rule": [],
            "logging": [],
            "object_lock_configuration": [],
            "object_lock_enabled": false,
            "policy": "",
            "region": "us-east-1",
            "replication_configuration": [],
            "request_payer": "BucketOwner",
            "server_side_encryption_configuration": [
              {
                "rule": [
                  {
                    "apply_server_side_encryption_by_default": [
                      {
                        "kms_master_key_id": "",
                        "sse_algorithm": "AES256"
                      }
                    ],
                    "bucket_key_enabled": false
                  }
                ]
              }
            ],
            "tags": {
              "Name": "serpent-backups"
            },
            "tags_all": {
              "Name": "serpent-backups"
            },
            "timeouts": null,
            "versioning": [
              {
                "enabled": false,
                "mfa_delete": false
              }
            ],
            "website": [],
            "website_domain": null,
            "website_endpoint": null
          },
          "sensitive_attributes": [],
          "private": "eyJlMmJmYjczMC1lY2FhLTExZTYtOGY4OC0zNDM2M2JjN2M0YzAiOnsiY3JlYXRlIjoxMjAwMDAwMDAwMDAwLCJkZWxldGUiOjM2MDAwMDAwMDAwMDAsInJlYWQiOjEyMDAwMDAwMDAwMDAsInVwZGF0ZSI6MTIwMDAwMDAwMDAwMH19",
          "dependencies": [
            "random_id.suffix"
          ]
        }
      ]
    },
    {
      "mode": "managed",
      "type": "aws_s3_bucket_lifecycle_configuration",
      "name": "expiration",
      "provider": "provider[\"registry.terraform.io/hashicorp/aws\"]",
      "instances": [
        {
          "schema_version": 1,
          "attributes": {
            "bucket": "serpent-surge-backups-149a9d4e",
            "expected_bucket_owner": "",
            "id": "serpent-surge-backups-149a9d4e",
            "rule": [
              {
                "abort_incomplete_multipart_upload": [],
                "expiration": [
                  {
                    "date": null,
                    "days": 7,
                    "expired_object_delete_marker": false
                  }
                ],
                "filter": [
                  {
                    "and": [],
                    "object_size_greater_than": null,
                    "object_size_less_than": null,
                    "prefix": "",
                    "tag": []
                  }
                ],
                "id": "limit-backups",
                "noncurrent_version_expiration": [],
                "noncurrent_version_transition": [],
                "prefix": "",
                "status": "Enabled",
                "transition": []
              }
            ],
            "timeouts": null,
            "transition_default_minimum_object_size": "all_storage_classes_128K"
          },
          "sensitive_attributes": [],
          "dependencies": [
            "aws_s3_bucket.backups",
            "random_id.suffix"
          ]
        }
      ]
    },
    {
      "mode": "managed",
      "type": "aws_security_group",
      "name": "main",
      "provider": "provider[\"registry.terraform.io/hashicorp/aws\"]",
      "instances": [
        {
          "schema_version": 1,
          "attributes": {
            "arn": "arn:aws:ec2:us-east-1:064190739500:security-group/sg-01ce549fce6bd9699",
            "description": "Allow SSH, HTTP, HTTPS, MySQL",
            "egress": [
              {
                "cidr_blocks": [
                  "0.0.0.0/0"
                ],
                "description": "",
                "from_port": 0,
                "ipv6_cidr_blocks": [],
                "prefix_list_ids": [],
                "protocol": "-1",
                "security_groups": [],
                "self": false,
                "to_port": 0
              }
            ],
            "id": "sg-01ce549fce6bd9699",
            "ingress": [
              {
                "cidr_blocks": [
                  "0.0.0.0/0"
                ],
                "description": "",
                "from_port": 22,
                "ipv6_cidr_blocks": [],
                "prefix_list_ids": [],
                "protocol": "tcp",
                "security_groups": [],
                "self": false,
                "to_port": 22
              },
              {
                "cidr_blocks": [
                  "0.0.0.0/0"
                ],
                "description": "",
                "from_port": 3306,
                "ipv6_cidr_blocks": [],
                "prefix_list_ids": [],
                "protocol": "tcp",
                "security_groups": [],
                "self": false,
                "to_port": 3306
              },
              {
                "cidr_blocks": [
                  "0.0.0.0/0"
                ],
                "description": "",
                "from_port": 443,
                "ipv6_cidr_blocks": [],
                "prefix_list_ids": [],
                "protocol": "tcp",
                "security_groups": [],
                "self": false,
                "to_port": 443
              },
              {
                "cidr_blocks": [
                  "0.0.0.0/0"
                ],
                "description": "",
                "from_port": 80,
                "ipv6_cidr_blocks": [],
                "prefix_list_ids": [],
                "protocol": "tcp",
                "security_groups": [],
                "self": false,
                "to_port": 80
              }
            ],
            "name": "serpent-sg",
            "name_prefix": "",
            "owner_id": "064190739500",
            "revoke_rules_on_delete": false,
            "tags": null,
            "tags_all": {},
            "timeouts": null,
            "vpc_id": "vpc-0dc95109d32f517d3"
          },
          "sensitive_attributes": [],
          "private": "eyJlMmJmYjczMC1lY2FhLTExZTYtOGY4OC0zNDM2M2JjN2M0YzAiOnsiY3JlYXRlIjo2MDAwMDAwMDAwMDAsImRlbGV0ZSI6OTAwMDAwMDAwMDAwfSwic2NoZW1hX3ZlcnNpb24iOiIxIn0=",
          "dependencies": [
            "aws_vpc.main"
          ]
        }
      ]
    },
    {
      "mode": "managed",
      "type": "aws_subnet",
      "name": "public_1",
      "provider": "provider[\"registry.terraform.io/hashicorp/aws\"]",
      "instances": [
        {
          "schema_version": 1,
          "attributes": {
            "arn": "arn:aws:ec2:us-east-1:064190739500:subnet/subnet-0bb04a6f89390fce2",
            "assign_ipv6_address_on_creation": false,
            "availability_zone": "us-east-1a",
            "availability_zone_id": "use1-az1",
            "cidr_block": "10.0.1.0/24",
            "customer_owned_ipv4_pool": "",
            "enable_dns64": false,
            "enable_lni_at_device_index": 0,
            "enable_resource_name_dns_a_record_on_launch": false,
            "enable_resource_name_dns_aaaa_record_on_launch": false,
            "id": "subnet-0bb04a6f89390fce2",
            "ipv6_cidr_block": "",
            "ipv6_cidr_block_association_id": "",
            "ipv6_native": false,
            "map_customer_owned_ip_on_launch": false,
            "map_public_ip_on_launch": true,
            "outpost_arn": "",
            "owner_id": "064190739500",
            "private_dns_hostname_type_on_launch": "ip-name",
            "tags": {
              "Name": "subnet-a"
            },
            "tags_all": {
              "Name": "subnet-a"
            },
            "timeouts": null,
            "vpc_id": "vpc-0dc95109d32f517d3"
          },
          "sensitive_attributes": [],
          "private": "eyJlMmJmYjczMC1lY2FhLTExZTYtOGY4OC0zNDM2M2JjN2M0YzAiOnsiY3JlYXRlIjo2MDAwMDAwMDAwMDAsImRlbGV0ZSI6MTIwMDAwMDAwMDAwMH0sInNjaGVtYV92ZXJzaW9uIjoiMSJ9",
          "dependencies": [
            "aws_vpc.main"
          ]
        }
      ]
    },
    {
      "mode": "managed",
      "type": "aws_subnet",
      "name": "public_2",
      "provider": "provider[\"registry.terraform.io/hashicorp/aws\"]",
      "instances": [
        {
          "schema_version": 1,
          "attributes": {
            "arn": "arn:aws:ec2:us-east-1:064190739500:subnet/subnet-08d449679ddc7d8d4",
            "assign_ipv6_address_on_creation": false,
            "availability_zone": "us-east-1b",
            "availability_zone_id": "use1-az2",
            "cidr_block": "10.0.2.0/24",
            "customer_owned_ipv4_pool": "",
            "enable_dns64": false,
            "enable_lni_at_device_index": 0,
            "enable_resource_name_dns_a_record_on_launch": false,
            "enable_resource_name_dns_aaaa_record_on_launch": false,
            "id": "subnet-08d449679ddc7d8d4",
            "ipv6_cidr_block": "",
            "ipv6_cidr_block_association_id": "",
            "ipv6_native": false,
            "map_customer_owned_ip_on_launch": false,
            "map_public_ip_on_launch": true,
            "outpost_arn": "",
            "owner_id": "064190739500",
            "private_dns_hostname_type_on_launch": "ip-name",
            "tags": {
              "Name": "subnet-b"
            },
            "tags_all": {
              "Name": "subnet-b"
            },
            "timeouts": null,
            "vpc_id": "vpc-0dc95109d32f517d3"
          },
          "sensitive_attributes": [],
          "private": "eyJlMmJmYjczMC1lY2FhLTExZTYtOGY4OC0zNDM2M2JjN2M0YzAiOnsiY3JlYXRlIjo2MDAwMDAwMDAwMDAsImRlbGV0ZSI6MTIwMDAwMDAwMDAwMH0sInNjaGVtYV92ZXJzaW9uIjoiMSJ9",
          "dependencies": [
            "aws_vpc.main"
          ]
        }
      ]
    },
    {
      "mode": "managed",
      "type": "aws_vpc",
      "name": "main",
      "provider": "provider[\"registry.terraform.io/hashicorp/aws\"]",
      "instances": [
        {
          "schema_version": 1,
          "attributes": {
            "arn": "arn:aws:ec2:us-east-1:064190739500:vpc/vpc-0dc95109d32f517d3",
            "assign_generated_ipv6_cidr_block": false,
            "cidr_block": "10.0.0.0/16",
            "default_network_acl_id": "acl-065f16fda62ec4ae3",
            "default_route_table_id": "rtb-08f3caf22564a85f9",
            "default_security_group_id": "sg-05fb067d514fc55bb",
            "dhcp_options_id": "dopt-034e6ae22d6fe3feb",
            "enable_dns_hostnames": true,
            "enable_dns_support": true,
            "enable_network_address_usage_metrics": false,
            "id": "vpc-0dc95109d32f517d3",
            "instance_tenancy": "default",
            "ipv4_ipam_pool_id": null,
            "ipv4_netmask_length": null,
            "ipv6_association_id": "",
            "ipv6_cidr_block": "",
            "ipv6_cidr_block_network_border_group": "",
            "ipv6_ipam_pool_id": "",
            "ipv6_netmask_length": 0,
            "main_route_table_id": "rtb-08f3caf22564a85f9",
            "owner_id": "064190739500",
            "tags": {
              "Name": "serpent-vpc"
            },
            "tags_all": {
              "Name": "serpent-vpc"
            }
          },
          "sensitive_attributes": [],
          "private": "eyJzY2hlbWFfdmVyc2lvbiI6IjEifQ=="
        }
      ]
    },
    {
      "mode": "managed",
      "type": "local_file",
      "name": "private_key",
      "provider": "provider[\"registry.terraform.io/hashicorp/local\"]",
      "instances": [
        {
          "schema_version": 0,
          "attributes": {
            "content": "-----BEGIN RSA PRIVATE KEY-----\nMIIJKQIBAAKCAgEA1mNTHNG70GT8pYV/nWZfgQxiO9j7cwu6K+fJGh9M5JZN8SKV\nkwh/DzlvQZUR7dWiT7D/dJsJjxtubSdZDDPIUMz/KAdXYtzxg1XsKm/jJOXzQWFK\nh+rIb7OHEzosyNA2iwjsFEuBcKMWVmIBIMs1taGIm5avfiAFXM00VeNO7Wd4YytF\n7Nu0xR6TBfHkodnDhYtnFab8jG2Kv6KtZ18vQXijTlz3InCYqjoFDOoIw28brwco\nzVKXZ3fhwaNRTCYinBNAIihXLNEDkDw6RR5YwtUm5T70t/jMddIh6yNRemau28xU\nCLg03dhNWBqsAGOlPRTLjIwEAhgQimLqLTIAgX5beqlAEdKlw0YG0j07OSxyNF5f\nfwcEnZczZchVJX4ti3LstSleIRTRuJLBEEdpUtJBS3/jTCK3FGds3gyuZLPWnegV\nGcwrAgY2WkPdx+mHs5OFZJw304E+08ly8wMI/zclu5J99lBAsDshJHUejh1Vlsq9\nn50h+PLKW32ZuZzHrcFq2FxQdXRyp1YbdXlWjrc6WPk5j5soGg7Z36Z6BtM7wJlV\n9wIF0GODEmhe06pP3sfECt+WnGwiU7LOTpKGispc2e0VDP4J3TpFPrMGVzTuFb9e\nsn7ZfxNYvM/0g/+7Utsu8hQOudjO8HAiINQkbSfq73vuHhQTqdBQrp+Mtj8CAwEA\nAQKCAgA0tAAnkou4REszqajgmd0ajV/M1J+j/ZsL1hRC/rTZcPXCNL1OgwUxSe5G\n0g2xSRZ4vstd8AseiiDQZp7meAhjjLGhNoTOAgDBR6siF5VgacMuLGu1FAuoIhsv\np9qAl2cBMPVQW+t7NCx2mesrE6mleAtsLFQCDn8i/DNEdffeNtSKlIXBH5XF66k7\nCecpvq3pM4bo9L8bCobUa3pzchvc3XpP9lyus71kA5VgQlxbJwJIOdtW9lnQDtGJ\n18tRjAJwGe9nNkGP++YDXDr66OXrJ5lDPAHPBDPHNxwtgOYzz/BmikmSRy5/5v/E\ni/ICunxRkr4jU/xcQ2w1iPGGoMcsmxYP+m7BTDXo5aHTJeb5qXXIir3wAvQzFZju\nxtcHH0ui66Hi0wpZj8AqGley0lBCTEaIarLO5JrqXDasThycecn9FGBTNMKzKlYf\nqPPGEVtVzSHg2DXaMqikdsm62ymuH9bYw8O2Z+K6lYr0x1aSYmxcbTw+k0co4qLE\n1nf7qKuGUiIB/C743YL+jVkDAOJF6AEJsPlNYqrA1h1uyf5xur8cIh1s2J/yZas6\ntfzUf/XQ3aQgpOaeW+pmviMsgxc2L0Nmamc9L70VhqOwRsE6D0A7uFCw4s+aUT1F\nMqnNgFThhYDzv6bSCAnpPlJDxk0JMKY4ExnpQNMwdY/PFtbgeQKCAQEA8Wqx2mgp\nRJMkj13v+BYAdldcdhWIjyhsffj/dQbLI/3U/HDz4dxNBQRu3MS9gQ63j4OzdlX4\nTO+B+ejBF1X2/RStspnG30NAUEj+Ziad6WxrZwwew/A//A8tewVbkXqzn9jSoIpp\nCOj2Gth8bba21s/5Rv695ZqgQ7BRphvJzC3AtfxUBv4TwkQWX9MP34wa5I1Jee+g\nfhzvsvgBlM1uSD0rFnOJ3hkgWqOKflEhK8o7gnvIO6fc8d5zBNCFjoQuhDYDu22I\n31q2mzw294fnI7tZgYUaHXihPsMcdtdtK6xDnKvAvzeH3zqcA/kNaRz59a/nci0w\nacXVNApjo/ol5QKCAQEA41anFQA9rU8H+X8Y50hYRwMu+ZXTDTh2ikByoLE8TLMm\nQkniunuS+cRkWZb94ChadCkTwFgmo1UmfJAqSxaCLG4GzGFh8JvukR80gYQkRyzS\nXA2CQZ4fDllfy/Ax+SaL434IED7d3LA90PAItqX1WtlXQapSx7l97s8smtPh6rSK\nnO3W+REGuCywtFC/0xGsdy8DChoVkTISTcy4Pp9lV9T8jYWRMYN7LO7XtY+evx/y\nMBXejN9UrItOvU921GBHzOtdzOMPwmyFWDH+z6p4o9smwgO3Pwhn+oEGuha/HV49\nlqlO6JcqHJnzRM8vmPgsEA+kDfsEBr5fieLH5dHpUwKCAQEA1VM5m8xFAyKewMz6\nOpd+ixQBURsQE6hdzicT3R5GrSQka3mIGEHqEQ/swspaxkrx6zAuidfH1Hwjt2h0\nD6HX4aS/JD38XNb5YrhNjIh9K4Gxmlo8aVnHwHzM7JM8ad4qEYqv/EqyK7xnlCtO\nMEivYjxegtyhgt1S1t1cGNMfS3v2eRliSteDMDuoJb7EnP4Z2XH7xnL3t9jr+pJq\nG0o4ND9Q7sLjxc0gKNewjpQ0IpTOZyvoMMbRVy0BJ/T2v4uP6yYrwBg3RV7MU3ou\n/CYsGgf4PJoYDIjGu0X/xgfwoRHUoQGoDZANUTViHaSatBJ10iNA+kRyLlUxY432\npDRr/QKCAQAJVpHeZvghmlF1iib3uR0HLbZMQj89F8imvSb4Os+DRwiXSHmrt0++\nOrb0hyM+henRQ66wA+7yXpkKHNHf67jFIm/dDVL8kyslguahO1BSLCEn7tYe4+Pa\nrwkkU2V6Gn88hPzHzg1G92ZSosl41zBQ3wSaieiEk7X8jT4DzhhFj8zxzUM7T9u6\nzPslLPv0K5GuA5xYWeHw6OGfmH0o9VswVGtbVNU193Sjz9vEdXXL3AASwZM2riXI\nQKCnXhA/gQTyAekEdX88OUDw8nzJAvOZp3LcHVL1n97Fh29DTZPkHO7itWmsXCk6\nq4g2l1wZKHiG4F2YxWrQ7Bj4jPwxEIJJAoIBAQDilylx5E4R6U396uDMOyDVtq5w\n8NStQ1mY75/W70qVAppesnXrj4VFnXVmxktW6lMY4/CQpNR4o8Ej62HgKZog8WRP\nbNvpH9GvIFjbVOl6mX1sSMmaVaVvLxdvtCqY9HvtcK/mHFHLteoMntTR+tMkz+Fk\n/v3iCtViG6PabWo8vEpuYxL1jhb6OVZeY6f7Od688psXcuxoJeWdw8YEKIwXw+hc\nJl6GqMkJ9s/VoMiW3dtbis7p2xxBerUpC411euD8Tk5HpJiLN8nmnETYAInwQbCZ\nW2xIjaxPkv4epOfvREZ+CilhLRDTerFgZpFPqQyZ1YsDuQ2qTQSXaeOBW2yP\n-----END RSA PRIVATE KEY-----\n",
            "content_base64": null,
            "content_base64sha256": "djk8/hL32VTzRr5Is8u9fjswSxCQEpIwC+q1kAG+Xxk=",
            "content_base64sha512": "sNyIlHoihF/p2uR9iuC8SuUgaTlJE4fL/j9A7hRUzcf+oDQbE5yi2nnu1ghyYndfUYJJ4iIgIlPStP+MKV4BzQ==",
            "content_md5": "16c0e0de6a592768c2f26fb074e8c04f",
            "content_sha1": "3910861189331cf0d38c0d6feaf03231adff3634",
            "content_sha256": "76393cfe12f7d954f346be48b3cbbd7e3b304b10901292300beab59001be5f19",
            "content_sha512": "b0dc88947a22845fe9dae47d8ae0bc4ae5206939491387cbfe3f40ee1454cdc7fea0341b139ca2da79eed6087262775f518249e222202253d2b4ff8c295e01cd",
            "directory_permission": "0777",
            "file_permission": "0600",
            "filename": "serpent-surge-key.pem",
            "id": "3910861189331cf0d38c0d6feaf03231adff3634",
            "sensitive_content": null,
            "source": null
          },
          "sensitive_attributes": [
            [
              {
                "type": "get_attr",
                "value": "content"
              }
            ],
            [
              {
                "type": "get_attr",
                "value": "sensitive_content"
              }
            ]
          ],
          "dependencies": [
            "tls_private_key.ssh_key"
          ]
        }
      ]
    },
    {
      "mode": "managed",
      "type": "random_id",
      "name": "suffix",
      "provider": "provider[\"registry.terraform.io/hashicorp/random\"]",
      "instances": [
        {
          "schema_version": 0,
          "attributes": {
            "b64_std": "FJqdTg==",
            "b64_url": "FJqdTg",
            "byte_length": 4,
            "dec": "345677134",
            "hex": "149a9d4e",
            "id": "FJqdTg",
            "keepers": null,
            "prefix": null
          },
          "sensitive_attributes": []
        }
      ]
    },
    {
      "mode": "managed",
      "type": "tls_private_key",
      "name": "ssh_key",
      "provider": "provider[\"registry.terraform.io/hashicorp/tls\"]",
      "instances": [
        {
          "schema_version": 1,
          "attributes": {
            "algorithm": "RSA",
            "ecdsa_curve": "P224",
            "id": "12568128de3b35cc095bf7f46597b19aa8a6918f",
            "private_key_openssh": "-----BEGIN OPENSSH PRIVATE KEY-----\nb3BlbnNzaC1rZXktdjEAAAAABG5vbmUAAAAEbm9uZQAAAAAAAAABAAACFwAAAAdz\nc2gtcnNhAAAAAwEAAQAAAgEA1mNTHNG70GT8pYV/nWZfgQxiO9j7cwu6K+fJGh9M\n5JZN8SKVkwh/DzlvQZUR7dWiT7D/dJsJjxtubSdZDDPIUMz/KAdXYtzxg1XsKm/j\nJOXzQWFKh+rIb7OHEzosyNA2iwjsFEuBcKMWVmIBIMs1taGIm5avfiAFXM00VeNO\n7Wd4YytF7Nu0xR6TBfHkodnDhYtnFab8jG2Kv6KtZ18vQXijTlz3InCYqjoFDOoI\nw28brwcozVKXZ3fhwaNRTCYinBNAIihXLNEDkDw6RR5YwtUm5T70t/jMddIh6yNR\nemau28xUCLg03dhNWBqsAGOlPRTLjIwEAhgQimLqLTIAgX5beqlAEdKlw0YG0j07\nOSxyNF5ffwcEnZczZchVJX4ti3LstSleIRTRuJLBEEdpUtJBS3/jTCK3FGds3gyu\nZLPWnegVGcwrAgY2WkPdx+mHs5OFZJw304E+08ly8wMI/zclu5J99lBAsDshJHUe\njh1Vlsq9n50h+PLKW32ZuZzHrcFq2FxQdXRyp1YbdXlWjrc6WPk5j5soGg7Z36Z6\nBtM7wJlV9wIF0GODEmhe06pP3sfECt+WnGwiU7LOTpKGispc2e0VDP4J3TpFPrMG\nVzTuFb9esn7ZfxNYvM/0g/+7Utsu8hQOudjO8HAiINQkbSfq73vuHhQTqdBQrp+M\ntj8AAAc43RgQm90YEJsAAAAHc3NoLXJzYQAAAgEA1mNTHNG70GT8pYV/nWZfgQxi\nO9j7cwu6K+fJGh9M5JZN8SKVkwh/DzlvQZUR7dWiT7D/dJsJjxtubSdZDDPIUMz/\nKAdXYtzxg1XsKm/jJOXzQWFKh+rIb7OHEzosyNA2iwjsFEuBcKMWVmIBIMs1taGI\nm5avfiAFXM00VeNO7Wd4YytF7Nu0xR6TBfHkodnDhYtnFab8jG2Kv6KtZ18vQXij\nTlz3InCYqjoFDOoIw28brwcozVKXZ3fhwaNRTCYinBNAIihXLNEDkDw6RR5YwtUm\n5T70t/jMddIh6yNRemau28xUCLg03dhNWBqsAGOlPRTLjIwEAhgQimLqLTIAgX5b\neqlAEdKlw0YG0j07OSxyNF5ffwcEnZczZchVJX4ti3LstSleIRTRuJLBEEdpUtJB\nS3/jTCK3FGds3gyuZLPWnegVGcwrAgY2WkPdx+mHs5OFZJw304E+08ly8wMI/zcl\nu5J99lBAsDshJHUejh1Vlsq9n50h+PLKW32ZuZzHrcFq2FxQdXRyp1YbdXlWjrc6\nWPk5j5soGg7Z36Z6BtM7wJlV9wIF0GODEmhe06pP3sfECt+WnGwiU7LOTpKGispc\n2e0VDP4J3TpFPrMGVzTuFb9esn7ZfxNYvM/0g/+7Utsu8hQOudjO8HAiINQkbSfq\n73vuHhQTqdBQrp+Mtj8AAAADAQABAAACADS0ACeSi7hESzOpqOCZ3RqNX8zUn6P9\nmwvWFEL+tNlw9cI0vU6DBTFJ7kbSDbFJFni+y13wCx6KINBmnuZ4CGOMsaE2hM4C\nAMFHqyIXlWBpwy4sa7UUC6giGy+n2oCXZwEw9VBb63s0LHaZ6ysTqaV4C2wsVAIO\nfyL8M0R199421IqUhcEflcXrqTsJ5ym+rekzhuj0vxsKhtRrenNyG9zdek/2XK6z\nvWQDlWBCXFsnAkg521b2WdAO0YnXy1GMAnAZ72c2QY/75gNcOvro5esnmUM8Ac8E\nM8c3HC2A5jPP8GaKSZJHLn/m/8SL8gK6fFGSviNT/FxDbDWI8YagxyybFg/6bsFM\nNejlodMl5vmpdciKvfAC9DMVmO7G1wcfS6LroeLTClmPwCoaV7LSUEJMRohqss7k\nmupcNqxOHJx5yf0UYFM0wrMqVh+o88YRW1XNIeDYNdoyqKR2ybrbKa4f1tjDw7Zn\n4rqVivTHVpJibFxtPD6TRyjiosTWd/uoq4ZSIgH8Lvjdgv6NWQMA4kXoAQmw+U1i\nqsDWHW7J/nG6vxwiHWzYn/Jlqzq1/NR/9dDdpCCk5p5b6ma+IyyDFzYvQ2ZqZz0v\nvRWGo7BGwToPQDu4ULDiz5pRPUUyqc2AVOGFgPO/ptIICek+UkPGTQkwpjgTGelA\n0zB1j88W1uB5AAABAQDilylx5E4R6U396uDMOyDVtq5w8NStQ1mY75/W70qVAppe\nsnXrj4VFnXVmxktW6lMY4/CQpNR4o8Ej62HgKZog8WRPbNvpH9GvIFjbVOl6mX1s\nSMmaVaVvLxdvtCqY9HvtcK/mHFHLteoMntTR+tMkz+Fk/v3iCtViG6PabWo8vEpu\nYxL1jhb6OVZeY6f7Od688psXcuxoJeWdw8YEKIwXw+hcJl6GqMkJ9s/VoMiW3dtb\nis7p2xxBerUpC411euD8Tk5HpJiLN8nmnETYAInwQbCZW2xIjaxPkv4epOfvREZ+\nCilhLRDTerFgZpFPqQyZ1YsDuQ2qTQSXaeOBW2yPAAABAQDxarHaaClEkySPXe/4\nFgB2V1x2FYiPKGx9+P91Bssj/dT8cPPh3E0FBG7cxL2BDrePg7N2VfhM74H56MEX\nVfb9FK2ymcbfQ0BQSP5mJp3pbGtnDB7D8D/8Dy17BVuRerOf2NKgimkI6PYa2Hxt\ntrbWz/lG/r3lmqBDsFGmG8nMLcC1/FQG/hPCRBZf0w/fjBrkjUl576B+HO+y+AGU\nzW5IPSsWc4neGSBao4p+USEryjuCe8g7p9zx3nME0IWOhC6ENgO7bYjfWrabPDb3\nh+cju1mBhRodeKE+wxx2120rrEOcq8C/N4ffOpwD+Q1pHPn1r+dyLTBpxdU0CmOj\n+iXlAAABAQDjVqcVAD2tTwf5fxjnSFhHAy75ldMNOHaKQHKgsTxMsyZCSeK6e5L5\nxGRZlv3gKFp0KRPAWCajVSZ8kCpLFoIsbgbMYWHwm+6RHzSBhCRHLNJcDYJBnh8O\nWV/L8DH5JovjfggQPt3csD3Q8Ai2pfVa2VdBqlLHuX3uzyya0+HqtIqc7db5EQa4\nLLC0UL/TEax3LwMKGhWRMhJNzLg+n2VX1PyNhZExg3ss7te1j56/H/IwFd6M31Ss\ni069T3bUYEfM613M4w/CbIVYMf7Pqnij2ybCA7c/CGf6gQa6Fr8dXj2WqU7olyoc\nmfNEzy+Y+CwQD6QN+wQGvl+J4sfl0elTAAAAAAEC\n-----END OPENSSH PRIVATE KEY-----\n",
            "private_key_pem": "-----BEGIN RSA PRIVATE KEY-----\nMIIJKQIBAAKCAgEA1mNTHNG70GT8pYV/nWZfgQxiO9j7cwu6K+fJGh9M5JZN8SKV\nkwh/DzlvQZUR7dWiT7D/dJsJjxtubSdZDDPIUMz/KAdXYtzxg1XsKm/jJOXzQWFK\nh+rIb7OHEzosyNA2iwjsFEuBcKMWVmIBIMs1taGIm5avfiAFXM00VeNO7Wd4YytF\n7Nu0xR6TBfHkodnDhYtnFab8jG2Kv6KtZ18vQXijTlz3InCYqjoFDOoIw28brwco\nzVKXZ3fhwaNRTCYinBNAIihXLNEDkDw6RR5YwtUm5T70t/jMddIh6yNRemau28xU\nCLg03dhNWBqsAGOlPRTLjIwEAhgQimLqLTIAgX5beqlAEdKlw0YG0j07OSxyNF5f\nfwcEnZczZchVJX4ti3LstSleIRTRuJLBEEdpUtJBS3/jTCK3FGds3gyuZLPWnegV\nGcwrAgY2WkPdx+mHs5OFZJw304E+08ly8wMI/zclu5J99lBAsDshJHUejh1Vlsq9\nn50h+PLKW32ZuZzHrcFq2FxQdXRyp1YbdXlWjrc6WPk5j5soGg7Z36Z6BtM7wJlV\n9wIF0GODEmhe06pP3sfECt+WnGwiU7LOTpKGispc2e0VDP4J3TpFPrMGVzTuFb9e\nsn7ZfxNYvM/0g/+7Utsu8hQOudjO8HAiINQkbSfq73vuHhQTqdBQrp+Mtj8CAwEA\nAQKCAgA0tAAnkou4REszqajgmd0ajV/M1J+j/ZsL1hRC/rTZcPXCNL1OgwUxSe5G\n0g2xSRZ4vstd8AseiiDQZp7meAhjjLGhNoTOAgDBR6siF5VgacMuLGu1FAuoIhsv\np9qAl2cBMPVQW+t7NCx2mesrE6mleAtsLFQCDn8i/DNEdffeNtSKlIXBH5XF66k7\nCecpvq3pM4bo9L8bCobUa3pzchvc3XpP9lyus71kA5VgQlxbJwJIOdtW9lnQDtGJ\n18tRjAJwGe9nNkGP++YDXDr66OXrJ5lDPAHPBDPHNxwtgOYzz/BmikmSRy5/5v/E\ni/ICunxRkr4jU/xcQ2w1iPGGoMcsmxYP+m7BTDXo5aHTJeb5qXXIir3wAvQzFZju\nxtcHH0ui66Hi0wpZj8AqGley0lBCTEaIarLO5JrqXDasThycecn9FGBTNMKzKlYf\nqPPGEVtVzSHg2DXaMqikdsm62ymuH9bYw8O2Z+K6lYr0x1aSYmxcbTw+k0co4qLE\n1nf7qKuGUiIB/C743YL+jVkDAOJF6AEJsPlNYqrA1h1uyf5xur8cIh1s2J/yZas6\ntfzUf/XQ3aQgpOaeW+pmviMsgxc2L0Nmamc9L70VhqOwRsE6D0A7uFCw4s+aUT1F\nMqnNgFThhYDzv6bSCAnpPlJDxk0JMKY4ExnpQNMwdY/PFtbgeQKCAQEA8Wqx2mgp\nRJMkj13v+BYAdldcdhWIjyhsffj/dQbLI/3U/HDz4dxNBQRu3MS9gQ63j4OzdlX4\nTO+B+ejBF1X2/RStspnG30NAUEj+Ziad6WxrZwwew/A//A8tewVbkXqzn9jSoIpp\nCOj2Gth8bba21s/5Rv695ZqgQ7BRphvJzC3AtfxUBv4TwkQWX9MP34wa5I1Jee+g\nfhzvsvgBlM1uSD0rFnOJ3hkgWqOKflEhK8o7gnvIO6fc8d5zBNCFjoQuhDYDu22I\n31q2mzw294fnI7tZgYUaHXihPsMcdtdtK6xDnKvAvzeH3zqcA/kNaRz59a/nci0w\nacXVNApjo/ol5QKCAQEA41anFQA9rU8H+X8Y50hYRwMu+ZXTDTh2ikByoLE8TLMm\nQkniunuS+cRkWZb94ChadCkTwFgmo1UmfJAqSxaCLG4GzGFh8JvukR80gYQkRyzS\nXA2CQZ4fDllfy/Ax+SaL434IED7d3LA90PAItqX1WtlXQapSx7l97s8smtPh6rSK\nnO3W+REGuCywtFC/0xGsdy8DChoVkTISTcy4Pp9lV9T8jYWRMYN7LO7XtY+evx/y\nMBXejN9UrItOvU921GBHzOtdzOMPwmyFWDH+z6p4o9smwgO3Pwhn+oEGuha/HV49\nlqlO6JcqHJnzRM8vmPgsEA+kDfsEBr5fieLH5dHpUwKCAQEA1VM5m8xFAyKewMz6\nOpd+ixQBURsQE6hdzicT3R5GrSQka3mIGEHqEQ/swspaxkrx6zAuidfH1Hwjt2h0\nD6HX4aS/JD38XNb5YrhNjIh9K4Gxmlo8aVnHwHzM7JM8ad4qEYqv/EqyK7xnlCtO\nMEivYjxegtyhgt1S1t1cGNMfS3v2eRliSteDMDuoJb7EnP4Z2XH7xnL3t9jr+pJq\nG0o4ND9Q7sLjxc0gKNewjpQ0IpTOZyvoMMbRVy0BJ/T2v4uP6yYrwBg3RV7MU3ou\n/CYsGgf4PJoYDIjGu0X/xgfwoRHUoQGoDZANUTViHaSatBJ10iNA+kRyLlUxY432\npDRr/QKCAQAJVpHeZvghmlF1iib3uR0HLbZMQj89F8imvSb4Os+DRwiXSHmrt0++\nOrb0hyM+henRQ66wA+7yXpkKHNHf67jFIm/dDVL8kyslguahO1BSLCEn7tYe4+Pa\nrwkkU2V6Gn88hPzHzg1G92ZSosl41zBQ3wSaieiEk7X8jT4DzhhFj8zxzUM7T9u6\nzPslLPv0K5GuA5xYWeHw6OGfmH0o9VswVGtbVNU193Sjz9vEdXXL3AASwZM2riXI\nQKCnXhA/gQTyAekEdX88OUDw8nzJAvOZp3LcHVL1n97Fh29DTZPkHO7itWmsXCk6\nq4g2l1wZKHiG4F2YxWrQ7Bj4jPwxEIJJAoIBAQDilylx5E4R6U396uDMOyDVtq5w\n8NStQ1mY75/W70qVAppesnXrj4VFnXVmxktW6lMY4/CQpNR4o8Ej62HgKZog8WRP\nbNvpH9GvIFjbVOl6mX1sSMmaVaVvLxdvtCqY9HvtcK/mHFHLteoMntTR+tMkz+Fk\n/v3iCtViG6PabWo8vEpuYxL1jhb6OVZeY6f7Od688psXcuxoJeWdw8YEKIwXw+hc\nJl6GqMkJ9s/VoMiW3dtbis7p2xxBerUpC411euD8Tk5HpJiLN8nmnETYAInwQbCZ\nW2xIjaxPkv4epOfvREZ+CilhLRDTerFgZpFPqQyZ1YsDuQ2qTQSXaeOBW2yP\n-----END RSA PRIVATE KEY-----\n",
            "private_key_pem_pkcs8": "-----BEGIN PRIVATE KEY-----\nMIIJQwIBADANBgkqhkiG9w0BAQEFAASCCS0wggkpAgEAAoICAQDWY1Mc0bvQZPyl\nhX+dZl+BDGI72PtzC7or58kaH0zklk3xIpWTCH8POW9BlRHt1aJPsP90mwmPG25t\nJ1kMM8hQzP8oB1di3PGDVewqb+Mk5fNBYUqH6shvs4cTOizI0DaLCOwUS4FwoxZW\nYgEgyzW1oYiblq9+IAVczTRV407tZ3hjK0Xs27TFHpMF8eSh2cOFi2cVpvyMbYq/\noq1nXy9BeKNOXPcicJiqOgUM6gjDbxuvByjNUpdnd+HBo1FMJiKcE0AiKFcs0QOQ\nPDpFHljC1SblPvS3+Mx10iHrI1F6Zq7bzFQIuDTd2E1YGqwAY6U9FMuMjAQCGBCK\nYuotMgCBflt6qUAR0qXDRgbSPTs5LHI0Xl9/BwSdlzNlyFUlfi2Lcuy1KV4hFNG4\nksEQR2lS0kFLf+NMIrcUZ2zeDK5ks9ad6BUZzCsCBjZaQ93H6Yezk4VknDfTgT7T\nyXLzAwj/NyW7kn32UECwOyEkdR6OHVWWyr2fnSH48spbfZm5nMetwWrYXFB1dHKn\nVht1eVaOtzpY+TmPmygaDtnfpnoG0zvAmVX3AgXQY4MSaF7Tqk/ex8QK35acbCJT\nss5OkoaKylzZ7RUM/gndOkU+swZXNO4Vv16yftl/E1i8z/SD/7tS2y7yFA652M7w\ncCIg1CRtJ+rve+4eFBOp0FCun4y2PwIDAQABAoICADS0ACeSi7hESzOpqOCZ3RqN\nX8zUn6P9mwvWFEL+tNlw9cI0vU6DBTFJ7kbSDbFJFni+y13wCx6KINBmnuZ4CGOM\nsaE2hM4CAMFHqyIXlWBpwy4sa7UUC6giGy+n2oCXZwEw9VBb63s0LHaZ6ysTqaV4\nC2wsVAIOfyL8M0R199421IqUhcEflcXrqTsJ5ym+rekzhuj0vxsKhtRrenNyG9zd\nek/2XK6zvWQDlWBCXFsnAkg521b2WdAO0YnXy1GMAnAZ72c2QY/75gNcOvro5esn\nmUM8Ac8EM8c3HC2A5jPP8GaKSZJHLn/m/8SL8gK6fFGSviNT/FxDbDWI8Yagxyyb\nFg/6bsFMNejlodMl5vmpdciKvfAC9DMVmO7G1wcfS6LroeLTClmPwCoaV7LSUEJM\nRohqss7kmupcNqxOHJx5yf0UYFM0wrMqVh+o88YRW1XNIeDYNdoyqKR2ybrbKa4f\n1tjDw7Zn4rqVivTHVpJibFxtPD6TRyjiosTWd/uoq4ZSIgH8Lvjdgv6NWQMA4kXo\nAQmw+U1iqsDWHW7J/nG6vxwiHWzYn/Jlqzq1/NR/9dDdpCCk5p5b6ma+IyyDFzYv\nQ2ZqZz0vvRWGo7BGwToPQDu4ULDiz5pRPUUyqc2AVOGFgPO/ptIICek+UkPGTQkw\npjgTGelA0zB1j88W1uB5AoIBAQDxarHaaClEkySPXe/4FgB2V1x2FYiPKGx9+P91\nBssj/dT8cPPh3E0FBG7cxL2BDrePg7N2VfhM74H56MEXVfb9FK2ymcbfQ0BQSP5m\nJp3pbGtnDB7D8D/8Dy17BVuRerOf2NKgimkI6PYa2HxttrbWz/lG/r3lmqBDsFGm\nG8nMLcC1/FQG/hPCRBZf0w/fjBrkjUl576B+HO+y+AGUzW5IPSsWc4neGSBao4p+\nUSEryjuCe8g7p9zx3nME0IWOhC6ENgO7bYjfWrabPDb3h+cju1mBhRodeKE+wxx2\n120rrEOcq8C/N4ffOpwD+Q1pHPn1r+dyLTBpxdU0CmOj+iXlAoIBAQDjVqcVAD2t\nTwf5fxjnSFhHAy75ldMNOHaKQHKgsTxMsyZCSeK6e5L5xGRZlv3gKFp0KRPAWCaj\nVSZ8kCpLFoIsbgbMYWHwm+6RHzSBhCRHLNJcDYJBnh8OWV/L8DH5JovjfggQPt3c\nsD3Q8Ai2pfVa2VdBqlLHuX3uzyya0+HqtIqc7db5EQa4LLC0UL/TEax3LwMKGhWR\nMhJNzLg+n2VX1PyNhZExg3ss7te1j56/H/IwFd6M31Ssi069T3bUYEfM613M4w/C\nbIVYMf7Pqnij2ybCA7c/CGf6gQa6Fr8dXj2WqU7olyocmfNEzy+Y+CwQD6QN+wQG\nvl+J4sfl0elTAoIBAQDVUzmbzEUDIp7AzPo6l36LFAFRGxATqF3OJxPdHkatJCRr\neYgYQeoRD+zCylrGSvHrMC6J18fUfCO3aHQPodfhpL8kPfxc1vliuE2MiH0rgbGa\nWjxpWcfAfMzskzxp3ioRiq/8SrIrvGeUK04wSK9iPF6C3KGC3VLW3VwY0x9Le/Z5\nGWJK14MwO6glvsSc/hnZcfvGcve32Ov6kmobSjg0P1DuwuPFzSAo17COlDQilM5n\nK+gwxtFXLQEn9Pa/i4/rJivAGDdFXsxTei78JiwaB/g8mhgMiMa7Rf/GB/ChEdSh\nAagNkA1RNWIdpJq0EnXSI0D6RHIuVTFjjfakNGv9AoIBAAlWkd5m+CGaUXWKJve5\nHQcttkxCPz0XyKa9Jvg6z4NHCJdIeau3T746tvSHIz6F6dFDrrAD7vJemQoc0d/r\nuMUib90NUvyTKyWC5qE7UFIsISfu1h7j49qvCSRTZXoafzyE/MfODUb3ZlKiyXjX\nMFDfBJqJ6ISTtfyNPgPOGEWPzPHNQztP27rM+yUs+/Qrka4DnFhZ4fDo4Z+YfSj1\nWzBUa1tU1TX3dKPP28R1dcvcABLBkzauJchAoKdeED+BBPIB6QR1fzw5QPDyfMkC\n85mnctwdUvWf3sWHb0NNk+Qc7uK1aaxcKTqriDaXXBkoeIbgXZjFatDsGPiM/DEQ\ngkkCggEBAOKXKXHkThHpTf3q4Mw7INW2rnDw1K1DWZjvn9bvSpUCml6ydeuPhUWd\ndWbGS1bqUxjj8JCk1HijwSPrYeApmiDxZE9s2+kf0a8gWNtU6XqZfWxIyZpVpW8v\nF2+0Kpj0e+1wr+YcUcu16gye1NH60yTP4WT+/eIK1WIbo9ptajy8Sm5jEvWOFvo5\nVl5jp/s53rzymxdy7Ggl5Z3DxgQojBfD6FwmXoaoyQn2z9WgyJbd21uKzunbHEF6\ntSkLjXV64PxOTkekmIs3yeacRNgAifBBsJlbbEiNrE+S/h6k5+9ERn4KKWEtENN6\nsWBmkU+pDJnViwO5DapNBJdp44FbbI8=\n-----END PRIVATE KEY-----\n",
            "public_key_fingerprint_md5": "cf:e6:ec:a8:30:24:c5:aa:90:ef:bb:b2:a4:70:af:04",
            "public_key_fingerprint_sha256": "SHA256:YumsLHvUEI/KsbFyORS98pCxH7xj8PY3Scv7oTE55tQ",
            "public_key_openssh": "ssh-rsa AAAAB3NzaC1yc2EAAAADAQABAAACAQDWY1Mc0bvQZPylhX+dZl+BDGI72PtzC7or58kaH0zklk3xIpWTCH8POW9BlRHt1aJPsP90mwmPG25tJ1kMM8hQzP8oB1di3PGDVewqb+Mk5fNBYUqH6shvs4cTOizI0DaLCOwUS4FwoxZWYgEgyzW1oYiblq9+IAVczTRV407tZ3hjK0Xs27TFHpMF8eSh2cOFi2cVpvyMbYq/oq1nXy9BeKNOXPcicJiqOgUM6gjDbxuvByjNUpdnd+HBo1FMJiKcE0AiKFcs0QOQPDpFHljC1SblPvS3+Mx10iHrI1F6Zq7bzFQIuDTd2E1YGqwAY6U9FMuMjAQCGBCKYuotMgCBflt6qUAR0qXDRgbSPTs5LHI0Xl9/BwSdlzNlyFUlfi2Lcuy1KV4hFNG4ksEQR2lS0kFLf+NMIrcUZ2zeDK5ks9ad6BUZzCsCBjZaQ93H6Yezk4VknDfTgT7TyXLzAwj/NyW7kn32UECwOyEkdR6OHVWWyr2fnSH48spbfZm5nMetwWrYXFB1dHKnVht1eVaOtzpY+TmPmygaDtnfpnoG0zvAmVX3AgXQY4MSaF7Tqk/ex8QK35acbCJTss5OkoaKylzZ7RUM/gndOkU+swZXNO4Vv16yftl/E1i8z/SD/7tS2y7yFA652M7wcCIg1CRtJ+rve+4eFBOp0FCun4y2Pw==\n",
            "public_key_pem": "-----BEGIN PUBLIC KEY-----\nMIICIjANBgkqhkiG9w0BAQEFAAOCAg8AMIICCgKCAgEA1mNTHNG70GT8pYV/nWZf\ngQxiO9j7cwu6K+fJGh9M5JZN8SKVkwh/DzlvQZUR7dWiT7D/dJsJjxtubSdZDDPI\nUMz/KAdXYtzxg1XsKm/jJOXzQWFKh+rIb7OHEzosyNA2iwjsFEuBcKMWVmIBIMs1\ntaGIm5avfiAFXM00VeNO7Wd4YytF7Nu0xR6TBfHkodnDhYtnFab8jG2Kv6KtZ18v\nQXijTlz3InCYqjoFDOoIw28brwcozVKXZ3fhwaNRTCYinBNAIihXLNEDkDw6RR5Y\nwtUm5T70t/jMddIh6yNRemau28xUCLg03dhNWBqsAGOlPRTLjIwEAhgQimLqLTIA\ngX5beqlAEdKlw0YG0j07OSxyNF5ffwcEnZczZchVJX4ti3LstSleIRTRuJLBEEdp\nUtJBS3/jTCK3FGds3gyuZLPWnegVGcwrAgY2WkPdx+mHs5OFZJw304E+08ly8wMI\n/zclu5J99lBAsDshJHUejh1Vlsq9n50h+PLKW32ZuZzHrcFq2FxQdXRyp1YbdXlW\njrc6WPk5j5soGg7Z36Z6BtM7wJlV9wIF0GODEmhe06pP3sfECt+WnGwiU7LOTpKG\nispc2e0VDP4J3TpFPrMGVzTuFb9esn7ZfxNYvM/0g/+7Utsu8hQOudjO8HAiINQk\nbSfq73vuHhQTqdBQrp+Mtj8CAwEAAQ==\n-----END PUBLIC KEY-----\n",
            "rsa_bits": 4096
          },
          "sensitive_attributes": [
            [
              {
                "type": "get_attr",
                "value": "private_key_openssh"
              }
            ],
            [
              {
                "type": "get_attr",
                "value": "private_key_pem_pkcs8"
              }
            ],
            [
              {
                "type": "get_attr",
                "value": "private_key_pem"
              }
            ]
          ]
        }
      ]
    }
  ],
  "check_results": null
}
