{
  "version": 4,
  "terraform_version": "1.11.4",
  "serial": 204,
  "lineage": "a153d0bd-a693-6952-da38-3ec1d9d89593",
  "outputs": {
    "ec2_public_ip": {
      "value": "3.231.215.78",
      "type": "string"
    },
    "rds_endpoint": {
      "value": "serpent-db.cstiwmk8m9ja.us-east-1.rds.amazonaws.com:3306",
      "type": "string"
    },
    "s3_bucket_name": {
      "value": "serpent-surge-backups-071dbadc",
      "type": "string"
    },
    "ssh_private_key": {
      "value": "-----BEGIN RSA PRIVATE KEY-----\nMIIJJwIBAAKCAgEApo5lUzX0LzMQz5pWzAgHne0RyJ6KZvm6fdmGTqSVTkBa9Ear\nGtTNNU86tXCaWimTqP7H5/sq6JvP3tnjd8qyBP2Bddn8MKhbQSMA7iIOjYLqWn85\nlhoNqMTJ7VjrvwfukDrcy4oKPgKKTyPQYt5OVlV+/WwKKrGQ/lCDrdWKwWkIz/HY\n2JbO5T5N3e/SlFAmx/MYfU/f3CYaJdSv9sA+vbTeqWso48cVcJf5bkBBCd0EWEsU\nj91SyTyEbzf6myIxXkKPMinXJhwj8ifewcpHAUvaIitBEQSbp5Tc0nP3Krl2Bluk\nqozJ+JDIWOgnMD10W9TN2LSrv0lI6YlMg6rJ3CXweGWk1j6iwzA3lpF/OeHhGLhK\nBvbzptig1mnsDMEOLm9xkl4hJJv3MtvC42LhA6r+8kQAbmTuNZe4z/tvGZE5upaq\n+iTQM7KkchJKP5EDLHuqvBBX5UiC+J0KykIGBieOgeA/WP87JogXtmHA3vlRYe4u\n2CC/HYNBlziVBdMFR2Q2B9GxuUvWDHBeAA6xHyqF1xQ2P3jMItMiGYyzeCmbO6Px\nXaHnGxbIbxErkenUZPo6NEy4JrKgEW+egLKHTLMFdDQu9M8o4Ao0Y7rG1Cfu+mBK\n2J/xhBkArQkcpaZHUfoijN4zOcuUiX9uvTCOtj25A1t27lsemlbDmyfMJ/8CAwEA\nAQKCAgA5v5eMMWHX16nVgVrk5UfWzvLij23HZIDvz7MMo24NMq0Wk0YSSIRaHn1p\nmYA7EL1c0/H2EhT/j76UMxH2X/Y3Wro/ZXRWXpk9TWiuKGrJUAH3nLMXwzLHOGwW\n+kTK+HIT2gTiIZuJgpH3/J/tF80ri/s63PHteaGfO8VcSXURuFxQ1TbtaeSUgXS4\nJcXqnJvFqhjsofwpNaDNSyAzutZGKmclcL09tLJPVrIqMucaB2LRRj773q4sjeoR\nMeSXU1SwrP0/VFh/ozQnawGGSZ8y6NzaCgtGXkWl5ixmX8TsMF+mtrGyXJxOrcx5\nXwzvYe9tQ6yXnZUK/trj9jHsWRQhzGYzD0FeKHC2ASKbH9lBIMsT9uz3rRH8ulKS\nFlaxZTLfK4Jfyb0dzU3bNDNrlzemYedlfbuRQK1+RZ5TtcibJlmMfJJJDbVB7grq\nMPJKmBkbyHCa9J850errtAirzhiICz5OKxsxOF1Fei1XIF7IxrA5g0ZTxf09tcgy\nZ9u3OzrveyNP63UyO/ZWRxzDRdPOiPl+KD9Er5TY08daY58ggnfl9aRN8cwwtA4y\n6daIdKhwdZncwhN4mFQxY75d7STZLjWIT+qKk3bnJPO1sMt5xadQAT65bU5ZR7Nu\nzEXGsA+2epTaE6u1outKAVSsn+lRIx7Jn7txmdyyVuGc1AqRCQKCAQEA0PqbVyMn\nN/aNzMdccMX795hCHkoM4ztTex5dS/OFcrEOKVfHJoSCIgZS/IL2hz7fxI2xVxgQ\nR3YQSaoe0gVcWQCxpbRTAoNE3q+bNsi7ryxJObAzZGcaWpMtKmpqCB2gM3lPBU3D\nwnB0A0fdDZM9yMadepnGXSrTowLVHWjWtYxVCUU4Xkjm+vlf3aIVGOithjq3fPTv\n1brd1N1XHIu9UkawmFb1UAYEU3ZrHoGYLvcBSYc31MUzZZMrmyztLO4cGUhHJcAE\n1aKCzMA9kyJUotcfcnEfg/2ppgFbnF66aP8T3Xb/RlK6W/d9MhmcjBd9/hRyZzKc\ntsh3BHx+5OlCKwKCAQEAzAgzF0RNHUkHJItGKosbfEHeBqDq9/92Ug9XDKJ+AGNR\net14v3t47vRlI2n5BKaMv2hk3OXa/00wRt/Gtm1vZ7C6Xrh31sH4LOpZD8CzYxOO\nntdEN1WQKeuhahUg5AW70Kh/njFVkP09KnWuyo1muXKqua6QZyEbb89yZdIN2M23\nWo9YtWHuHm2teCsH/Hlirs3uzNrBoRcCuAiYuE8R1NX5iY4tWhF1wZBfrRz6CxHJ\nbD4bgeT5DIgeVIUGeb+9JQw5d3JM6KpUf8pOGUyGoJqlvEhZSl8Zo+sFrLoZopUm\ne88Lk42cCJjQFsY6g51Gr9TpejtEuj7nrAv3b60LfQKCAQBhOVZv8cDbPm+2J8IQ\nDWwuQr3wDY91YDJ0gynwnfkl5M2r2lSizN8mKT8Oj3dWcJ/2d91boaxhMsJdIzJ3\nj1rpZXNAnmZIMv4lhBl4IWeAFeBzYFBok7clEHfg1eVCpVXU3MkwtH8wxNSUeiiT\nmj8SW6UEVup8ieIwYq73ocDScdlWGMgixVQAy2gYWsHp9sZUPpkDH4k9LFTsJZXT\niAeqcYzTMxGqC0KT+fHYHX7Jyszkgm4tJRnGVfPhm8M0NgsIkCHZpD4bjiHAVGfR\nPhWWNPNCcPKym58Dxnnyg/fBxXpefHBDLVXaV4f9eQDmBD/vp1+aN2fFefo1Mh5v\nLT5FAoIBADjwHNnkXKTMiWrAVy9uLJhrhTtSUuAscWeLEl7bRdBz5vwjrBu7qE7+\n8u6EF1Md629LAcLHfmr6rntI3ZpxRcKpBgmC7yaGcOyP5ZTI0QbYIVfgeQ/8F8Qr\nFpuVE92uX/Bl5V9PIzLYCOa9eq7Z8Q3VmyFAPtoY2iBEwwb5LJYRKpbiI/5SOvJQ\n5zT+xTbG5SwlGfwfHCQJWN/kvkHJBw/fOskRXUSiVLtUv+5+hKTsLMrBNkn0jS/b\nGKO7j8gQIwegtrTHuADB79zNpyfWPEe7gH7frdNcYLpmzumZ8ad2egvZBsEBpsab\nZo7EePXbwSs2foV23sIe5eYUXNPUdb0CggEAKnuF/xdun3H0plion+v8ZoXGlFjA\nZxOC8rJEyvhIJ7FEdVmHMZgE26BRRBK6moOsUlKISxmZkfnQTnzUrSBLUr0oPFXM\nZHy3+Kk1yuy3w1G4H0naWl1t49Xk++N+Wk66AraUjiEOPQ0anJ61fhdmBr7zZoYh\n5XSSZxQgxfMsUH/fcYVL5+oG9RbBBvofiythlMTZ9DJNNAZAwYQF0EKm9Bs0M3aQ\nA9w0crh4QrMLHepHoHKqj+sOB/z7ok6yoQqNse0V3th8XV6t5oUuv3soWkicphIf\n/Q+OE6pwF5aqJVkp2FRo9zFwpqCVN7FndD8RmhtNaYSm3oMKXPc6LSlMBw==\n-----END RSA PRIVATE KEY-----\n",
      "type": "string",
      "sensitive": true
    }
  },
  "resources": [
    {
      "mode": "data",
      "type": "aws_ami",
      "name": "ubuntu",
      "provider": "provider[\"registry.terraform.io/hashicorp/aws\"]",
      "instances": [
        {
          "schema_version": 0,
          "attributes": {
            "architecture": "x86_64",
            "arn": "arn:aws:ec2:us-east-1::image/ami-0655cec52acf2717b",
            "block_device_mappings": [
              {
                "device_name": "/dev/sda1",
                "ebs": {
                  "delete_on_termination": "true",
                  "encrypted": "false",
                  "iops": "0",
                  "snapshot_id": "snap-0ea0715c3204157c8",
                  "throughput": "0",
                  "volume_size": "8",
                  "volume_type": "gp2"
                },
                "no_device": "",
                "virtual_name": ""
              },
              {
                "device_name": "/dev/sdb",
                "ebs": {},
                "no_device": "",
                "virtual_name": "ephemeral0"
              },
              {
                "device_name": "/dev/sdc",
                "ebs": {},
                "no_device": "",
                "virtual_name": "ephemeral1"
              }
            ],
            "boot_mode": "uefi-preferred",
            "creation_date": "2025-03-27T06:52:03.000Z",
            "deprecation_time": "2027-03-27T06:52:03.000Z",
            "description": "Canonical, Ubuntu, 22.04, amd64 jammy image",
            "ena_support": true,
            "executable_users": null,
            "filter": [
              {
                "name": "name",
                "values": [
                  "ubuntu/images/hvm-ssd/ubuntu-jammy-22.04-amd64-server-*"
                ]
              },
              {
                "name": "root-device-type",
                "values": [
                  "ebs"
                ]
              },
              {
                "name": "virtualization-type",
                "values": [
                  "hvm"
                ]
              }
            ],
            "hypervisor": "xen",
            "id": "ami-0655cec52acf2717b",
            "image_id": "ami-0655cec52acf2717b",
            "image_location": "amazon/ubuntu/images/hvm-ssd/ubuntu-jammy-22.04-amd64-server-20250327",
            "image_owner_alias": "amazon",
            "image_type": "machine",
            "imds_support": "",
            "include_deprecated": false,
            "kernel_id": "",
            "last_launched_time": "",
            "most_recent": true,
            "name": "ubuntu/images/hvm-ssd/ubuntu-jammy-22.04-amd64-server-20250327",
            "name_regex": null,
            "owner_id": "099720109477",
            "owners": [
              "099720109477"
            ],
            "platform": "",
            "platform_details": "Linux/UNIX",
            "product_codes": [],
            "public": true,
            "ramdisk_id": "",
            "root_device_name": "/dev/sda1",
            "root_device_type": "ebs",
            "root_snapshot_id": "snap-0ea0715c3204157c8",
            "sriov_net_support": "simple",
            "state": "available",
            "state_reason": {
              "code": "UNSET",
              "message": "UNSET"
            },
            "tags": {},
            "timeouts": null,
            "tpm_support": "",
            "uefi_data": null,
            "usage_operation": "RunInstances",
            "virtualization_type": "hvm"
          },
          "sensitive_attributes": []
        }
      ]
    },
    {
      "mode": "managed",
      "type": "aws_db_instance",
      "name": "mysql",
      "provider": "provider[\"registry.terraform.io/hashicorp/aws\"]",
      "instances": [
        {
          "schema_version": 2,
          "attributes": {
            "address": "serpent-db.cstiwmk8m9ja.us-east-1.rds.amazonaws.com",
            "allocated_storage": 20,
            "allow_major_version_upgrade": null,
            "apply_immediately": false,
            "arn": "arn:aws:rds:us-east-1:064190739500:db:serpent-db",
            "auto_minor_version_upgrade": true,
            "availability_zone": "us-east-1a",
            "backup_retention_period": 0,
            "backup_target": "region",
            "backup_window": "10:30-11:00",
            "blue_green_update": [],
            "ca_cert_identifier": "rds-ca-rsa2048-g1",
            "character_set_name": "",
            "copy_tags_to_snapshot": false,
            "custom_iam_instance_profile": "",
            "customer_owned_ip_enabled": false,
            "database_insights_mode": "standard",
            "db_name": "serpent_surge_db",
            "db_subnet_group_name": "serpent-db-subnet-group",
            "dedicated_log_volume": false,
            "delete_automated_backups": true,
            "deletion_protection": false,
            "domain": "",
            "domain_auth_secret_arn": "",
            "domain_dns_ips": null,
            "domain_fqdn": "",
            "domain_iam_role_name": "",
            "domain_ou": "",
            "enabled_cloudwatch_logs_exports": null,
            "endpoint": "serpent-db.cstiwmk8m9ja.us-east-1.rds.amazonaws.com:3306",
            "engine": "mysql",
            "engine_lifecycle_support": "open-source-rds-extended-support",
            "engine_version": "8.0",
            "engine_version_actual": "8.0.40",
            "final_snapshot_identifier": null,
            "hosted_zone_id": "Z2R2ITUGPM61AM",
            "iam_database_authentication_enabled": false,
            "id": "db-U4FAEX5QMOVF6OLGQAWNZLXGNY",
            "identifier": "serpent-db",
            "identifier_prefix": "",
            "instance_class": "db.t3.micro",
            "iops": 0,
            "kms_key_id": "",
            "latest_restorable_time": "",
            "license_model": "general-public-license",
            "listener_endpoint": [],
            "maintenance_window": "wed:07:50-wed:08:20",
            "manage_master_user_password": null,
            "master_user_secret": [],
            "master_user_secret_kms_key_id": null,
            "max_allocated_storage": 0,
            "monitoring_interval": 0,
            "monitoring_role_arn": "",
            "multi_az": false,
            "nchar_character_set_name": "",
            "network_type": "IPV4",
            "option_group_name": "default:mysql-8-0",
            "parameter_group_name": "default.mysql8.0",
            "password": "adminpassword",
            "password_wo": null,
            "password_wo_version": null,
            "performance_insights_enabled": false,
            "performance_insights_kms_key_id": "",
            "performance_insights_retention_period": 0,
            "port": 3306,
            "publicly_accessible": true,
            "replica_mode": "",
            "replicas": [],
            "replicate_source_db": "",
            "resource_id": "db-U4FAEX5QMOVF6OLGQAWNZLXGNY",
            "restore_to_point_in_time": [],
            "s3_import": [],
            "skip_final_snapshot": true,
            "snapshot_identifier": null,
            "status": "available",
            "storage_encrypted": false,
            "storage_throughput": 0,
            "storage_type": "gp2",
            "tags": {
              "Name": "serpent-db"
            },
            "tags_all": {
              "Name": "serpent-db"
            },
            "timeouts": null,
            "timezone": "",
            "upgrade_storage_config": null,
            "username": "admin",
            "vpc_security_group_ids": [
              "sg-0402949ff2f7427fb"
            ]
          },
          "sensitive_attributes": [
            [
              {
                "type": "get_attr",
                "value": "password"
              }
            ],
            [
              {
                "type": "get_attr",
                "value": "password_wo"
              }
            ]
          ],
          "private": "eyJlMmJmYjczMC1lY2FhLTExZTYtOGY4OC0zNDM2M2JjN2M0YzAiOnsiY3JlYXRlIjozMDAwMDAwMDAwMDAwLCJkZWxldGUiOjM2MDAwMDAwMDAwMDAsInVwZGF0ZSI6NDgwMDAwMDAwMDAwMH0sInNjaGVtYV92ZXJzaW9uIjoiMiJ9",
          "dependencies": [
            "aws_db_subnet_group.default",
            "aws_security_group.main",
            "aws_subnet.public_1",
            "aws_subnet.public_2",
            "aws_vpc.main"
          ]
        }
      ]
    },
    {
      "mode": "managed",
      "type": "aws_db_subnet_group",
      "name": "default",
      "provider": "provider[\"registry.terraform.io/hashicorp/aws\"]",
      "instances": [
        {
          "schema_version": 0,
          "attributes": {
            "arn": "arn:aws:rds:us-east-1:064190739500:subgrp:serpent-db-subnet-group",
            "description": "Managed by Terraform",
            "id": "serpent-db-subnet-group",
            "name": "serpent-db-subnet-group",
            "name_prefix": "",
            "subnet_ids": [
              "subnet-04228860f049e9c28",
              "subnet-0bd260e7df4275bea"
            ],
            "supported_network_types": [
              "IPV4"
            ],
            "tags": null,
            "tags_all": {},
            "vpc_id": "vpc-08f085ea8458ef7c4"
          },
          "sensitive_attributes": [],
          "private": "bnVsbA==",
          "dependencies": [
            "aws_subnet.public_1",
            "aws_subnet.public_2",
            "aws_vpc.main"
          ]
        }
      ]
    },
    {
      "mode": "managed",
      "type": "aws_iam_instance_profile",
      "name": "ec2_instance_profile",
      "provider": "provider[\"registry.terraform.io/hashicorp/aws\"]",
      "instances": [
        {
          "schema_version": 0,
          "attributes": {
            "arn": "arn:aws:iam::064190739500:instance-profile/SerpentEC2InstanceProfile",
            "create_date": "2025-04-10T07:56:01Z",
            "id": "SerpentEC2InstanceProfile",
            "name": "SerpentEC2InstanceProfile",
            "name_prefix": "",
            "path": "/",
            "role": "SerpentEC2S3Role",
            "tags": null,
            "tags_all": {},
            "unique_id": "AIPAQ54QQ6QWD4BCGPGX2"
          },
          "sensitive_attributes": [],
          "private": "bnVsbA==",
          "dependencies": [
            "aws_iam_role.ec2_backup_role"
          ]
        }
      ]
    },
    {
      "mode": "managed",
      "type": "aws_iam_policy",
      "name": "s3_backup_policy",
      "provider": "provider[\"registry.terraform.io/hashicorp/aws\"]",
      "instances": [
        {
          "schema_version": 0,
          "attributes": {
            "arn": "arn:aws:iam::064190739500:policy/SerpentS3BackupPolicy",
            "attachment_count": 0,
            "description": "Allow EC2 to upload backups to S3",
            "id": "arn:aws:iam::064190739500:policy/SerpentS3BackupPolicy",
            "name": "SerpentS3BackupPolicy",
            "name_prefix": "",
            "path": "/",
            "policy": "{\"Statement\":[{\"Action\":[\"s3:PutObject\",\"s3:GetObject\",\"s3:ListBucket\",\"s3:DeleteObject\"],\"Effect\":\"Allow\",\"Resource\":[\"arn:aws:s3:::serpent-surge-backups-071dbadc/*\",\"arn:aws:s3:::serpent-surge-backups-071dbadc\"]}],\"Version\":\"2012-10-17\"}",
            "policy_id": "ANPAQ54QQ6QWFETW755VV",
            "tags": null,
            "tags_all": {}
          },
          "sensitive_attributes": [],
          "private": "bnVsbA==",
          "dependencies": [
            "aws_s3_bucket.backups",
            "random_id.suffix"
          ]
        }
      ]
    },
    {
      "mode": "managed",
      "type": "aws_iam_role",
      "name": "ec2_backup_role",
      "provider": "provider[\"registry.terraform.io/hashicorp/aws\"]",
      "instances": [
        {
          "schema_version": 0,
          "attributes": {
            "arn": "arn:aws:iam::064190739500:role/SerpentEC2S3Role",
            "assume_role_policy": "{\"Statement\":[{\"Action\":\"sts:AssumeRole\",\"Effect\":\"Allow\",\"Principal\":{\"Service\":\"ec2.amazonaws.com\"}}],\"Version\":\"2012-10-17\"}",
            "create_date": "2025-04-10T07:56:00Z",
            "description": "",
            "force_detach_policies": false,
            "id": "SerpentEC2S3Role",
            "inline_policy": [],
            "managed_policy_arns": [],
            "max_session_duration": 3600,
            "name": "SerpentEC2S3Role",
            "name_prefix": "",
            "path": "/",
            "permissions_boundary": "",
            "tags": null,
            "tags_all": {},
            "unique_id": "AROAQ54QQ6QWOOM5IUM5D"
          },
          "sensitive_attributes": [],
          "private": "bnVsbA=="
        }
      ]
    },
    {
      "mode": "managed",
      "type": "aws_iam_role_policy_attachment",
      "name": "ec2_backup_attachment",
      "provider": "provider[\"registry.terraform.io/hashicorp/aws\"]",
      "instances": [
        {
          "schema_version": 0,
          "attributes": {
            "id": "SerpentEC2S3Role-20250410075607229600000001",
            "policy_arn": "arn:aws:iam::064190739500:policy/SerpentS3BackupPolicy",
            "role": "SerpentEC2S3Role"
          },
          "sensitive_attributes": [],
          "private": "bnVsbA==",
          "dependencies": [
            "aws_iam_policy.s3_backup_policy",
            "aws_iam_role.ec2_backup_role",
            "aws_s3_bucket.backups",
            "random_id.suffix"
          ]
        }
      ]
    },
    {
      "mode": "managed",
      "type": "aws_instance",
      "name": "web",
      "provider": "provider[\"registry.terraform.io/hashicorp/aws\"]",
      "instances": [
        {
          "schema_version": 1,
          "attributes": {
            "ami": "ami-0655cec52acf2717b",
            "arn": "arn:aws:ec2:us-east-1:064190739500:instance/i-020f88b7c22707360",
            "associate_public_ip_address": true,
            "availability_zone": "us-east-1a",
            "capacity_reservation_specification": [
              {
                "capacity_reservation_preference": "open",
                "capacity_reservation_target": []
              }
            ],
            "cpu_core_count": 1,
            "cpu_options": [
              {
                "amd_sev_snp": "",
                "core_count": 1,
                "threads_per_core": 2
              }
            ],
            "cpu_threads_per_core": 2,
            "credit_specification": [
              {
                "cpu_credits": "unlimited"
              }
            ],
            "disable_api_stop": false,
            "disable_api_termination": false,
            "ebs_block_device": [],
            "ebs_optimized": false,
            "enable_primary_ipv6": null,
            "enclave_options": [
              {
                "enabled": false
              }
            ],
            "ephemeral_block_device": [],
            "get_password_data": false,
            "hibernation": false,
            "host_id": "",
            "host_resource_group_arn": null,
            "iam_instance_profile": "SerpentEC2InstanceProfile",
            "id": "i-020f88b7c22707360",
            "instance_initiated_shutdown_behavior": "stop",
            "instance_lifecycle": "",
            "instance_market_options": [],
            "instance_state": "running",
            "instance_type": "t3.micro",
            "ipv6_address_count": 0,
            "ipv6_addresses": [],
            "key_name": "serpent-surge-key",
            "launch_template": [],
            "maintenance_options": [
              {
                "auto_recovery": "default"
              }
            ],
            "metadata_options": [
              {
                "http_endpoint": "enabled",
                "http_protocol_ipv6": "disabled",
                "http_put_response_hop_limit": 1,
                "http_tokens": "optional",
                "instance_metadata_tags": "disabled"
              }
            ],
            "monitoring": false,
            "network_interface": [],
            "outpost_arn": "",
            "password_data": "",
            "placement_group": "",
            "placement_partition_number": 0,
            "primary_network_interface_id": "eni-0d564bbedb5be102a",
            "private_dns": "ip-10-0-1-88.ec2.internal",
            "private_dns_name_options": [
              {
                "enable_resource_name_dns_a_record": false,
                "enable_resource_name_dns_aaaa_record": false,
                "hostname_type": "ip-name"
              }
            ],
            "private_ip": "10.0.1.88",
            "public_dns": "ec2-3-231-215-78.compute-1.amazonaws.com",
            "public_ip": "3.231.215.78",
            "root_block_device": [
              {
                "delete_on_termination": true,
                "device_name": "/dev/sda1",
                "encrypted": false,
                "iops": 100,
                "kms_key_id": "",
                "tags": {},
                "tags_all": {},
                "throughput": 0,
                "volume_id": "vol-04c63d8cd2c4b41d7",
                "volume_size": 8,
                "volume_type": "gp2"
              }
            ],
            "secondary_private_ips": [],
            "security_groups": [],
            "source_dest_check": true,
            "spot_instance_request_id": "",
            "subnet_id": "subnet-0bd260e7df4275bea",
            "tags": {
              "Name": "serpent-surge-server"
            },
            "tags_all": {
              "Name": "serpent-surge-server"
            },
            "tenancy": "default",
            "timeouts": null,
            "user_data": null,
            "user_data_base64": null,
            "user_data_replace_on_change": false,
            "volume_tags": null,
            "vpc_security_group_ids": [
              "sg-0402949ff2f7427fb"
            ]
          },
          "sensitive_attributes": [],
          "private": "eyJlMmJmYjczMC1lY2FhLTExZTYtOGY4OC0zNDM2M2JjN2M0YzAiOnsiY3JlYXRlIjo2MDAwMDAwMDAwMDAsImRlbGV0ZSI6MTIwMDAwMDAwMDAwMCwicmVhZCI6OTAwMDAwMDAwMDAwLCJ1cGRhdGUiOjYwMDAwMDAwMDAwMH0sInNjaGVtYV92ZXJzaW9uIjoiMSJ9",
          "dependencies": [
            "aws_iam_instance_profile.ec2_instance_profile",
            "aws_iam_role.ec2_backup_role",
            "aws_key_pair.deployer",
            "aws_security_group.main",
            "aws_subnet.public_1",
            "aws_vpc.main",
            "data.aws_ami.ubuntu",
            "tls_private_key.ssh_key"
          ]
        }
      ]
    },
    {
      "mode": "managed",
      "type": "aws_internet_gateway",
      "name": "gw",
      "provider": "provider[\"registry.terraform.io/hashicorp/aws\"]",
      "instances": [
        {
          "schema_version": 0,
          "attributes": {
            "arn": "arn:aws:ec2:us-east-1:064190739500:internet-gateway/igw-049fd86cc1c1a36dd",
            "id": "igw-049fd86cc1c1a36dd",
            "owner_id": "064190739500",
            "tags": {
              "Name": "serpent-gw"
            },
            "tags_all": {
              "Name": "serpent-gw"
            },
            "timeouts": null,
            "vpc_id": "vpc-08f085ea8458ef7c4"
          },
          "sensitive_attributes": [],
          "private": "eyJlMmJmYjczMC1lY2FhLTExZTYtOGY4OC0zNDM2M2JjN2M0YzAiOnsiY3JlYXRlIjoxMjAwMDAwMDAwMDAwLCJkZWxldGUiOjEyMDAwMDAwMDAwMDAsInVwZGF0ZSI6MTIwMDAwMDAwMDAwMH19",
          "dependencies": [
            "aws_vpc.main"
          ]
        }
      ]
    },
    {
      "mode": "managed",
      "type": "aws_key_pair",
      "name": "deployer",
      "provider": "provider[\"registry.terraform.io/hashicorp/aws\"]",
      "instances": [
        {
          "schema_version": 1,
          "attributes": {
            "arn": "arn:aws:ec2:us-east-1:064190739500:key-pair/serpent-surge-key",
            "fingerprint": "16:a0:94:1f:43:59:70:30:be:a5:73:ea:f1:8a:00:82",
            "id": "serpent-surge-key",
            "key_name": "serpent-surge-key",
            "key_name_prefix": "",
            "key_pair_id": "key-0f703c434bfb19fcd",
            "key_type": "rsa",
            "public_key": "ssh-rsa AAAAB3NzaC1yc2EAAAADAQABAAACAQCmjmVTNfQvMxDPmlbMCAed7RHInopm+bp92YZOpJVOQFr0Rqsa1M01Tzq1cJpaKZOo/sfn+yrom8/e2eN3yrIE/YF12fwwqFtBIwDuIg6NgupafzmWGg2oxMntWOu/B+6QOtzLigo+AopPI9Bi3k5WVX79bAoqsZD+UIOt1YrBaQjP8djYls7lPk3d79KUUCbH8xh9T9/cJhol1K/2wD69tN6payjjxxVwl/luQEEJ3QRYSxSP3VLJPIRvN/qbIjFeQo8yKdcmHCPyJ97BykcBS9oiK0ERBJunlNzSc/cquXYGW6SqjMn4kMhY6CcwPXRb1M3YtKu/SUjpiUyDqsncJfB4ZaTWPqLDMDeWkX854eEYuEoG9vOm2KDWaewMwQ4ub3GSXiEkm/cy28LjYuEDqv7yRABuZO41l7jP+28ZkTm6lqr6JNAzsqRyEko/kQMse6q8EFflSIL4nQrKQgYGJ46B4D9Y/zsmiBe2YcDe+VFh7i7YIL8dg0GXOJUF0wVHZDYH0bG5S9YMcF4ADrEfKoXXFDY/eMwi0yIZjLN4KZs7o/FdoecbFshvESuR6dRk+jo0TLgmsqARb56AsodMswV0NC70zyjgCjRjusbUJ+76YErYn/GEGQCtCRylpkdR+iKM3jM5y5SJf269MI62PbkDW3buWx6aVsObJ8wn/w==",
            "tags": null,
            "tags_all": {}
          },
          "sensitive_attributes": [],
          "private": "eyJzY2hlbWFfdmVyc2lvbiI6IjEifQ==",
          "dependencies": [
            "tls_private_key.ssh_key"
          ]
        }
      ]
    },
    {
      "mode": "managed",
      "type": "aws_route_table",
      "name": "public",
      "provider": "provider[\"registry.terraform.io/hashicorp/aws\"]",
      "instances": [
        {
          "schema_version": 0,
          "attributes": {
            "arn": "arn:aws:ec2:us-east-1:064190739500:route-table/rtb-0c4f2b14f6aff952a",
            "id": "rtb-0c4f2b14f6aff952a",
            "owner_id": "064190739500",
            "propagating_vgws": [],
            "route": [
              {
                "carrier_gateway_id": "",
                "cidr_block": "0.0.0.0/0",
                "core_network_arn": "",
                "destination_prefix_list_id": "",
                "egress_only_gateway_id": "",
                "gateway_id": "igw-049fd86cc1c1a36dd",
                "ipv6_cidr_block": "",
                "local_gateway_id": "",
                "nat_gateway_id": "",
                "network_interface_id": "",
                "transit_gateway_id": "",
                "vpc_endpoint_id": "",
                "vpc_peering_connection_id": ""
              }
            ],
            "tags": {
              "Name": "public-rt"
            },
            "tags_all": {
              "Name": "public-rt"
            },
            "timeouts": null,
            "vpc_id": "vpc-08f085ea8458ef7c4"
          },
          "sensitive_attributes": [],
          "private": "eyJlMmJmYjczMC1lY2FhLTExZTYtOGY4OC0zNDM2M2JjN2M0YzAiOnsiY3JlYXRlIjozMDAwMDAwMDAwMDAsImRlbGV0ZSI6MzAwMDAwMDAwMDAwLCJ1cGRhdGUiOjEyMDAwMDAwMDAwMH19",
          "dependencies": [
            "aws_internet_gateway.gw",
            "aws_vpc.main"
          ]
        }
      ]
    },
    {
      "mode": "managed",
      "type": "aws_route_table_association",
      "name": "public_1",
      "provider": "provider[\"registry.terraform.io/hashicorp/aws\"]",
      "instances": [
        {
          "schema_version": 0,
          "attributes": {
            "gateway_id": "",
            "id": "rtbassoc-026f52743af254c1f",
            "route_table_id": "rtb-0c4f2b14f6aff952a",
            "subnet_id": "subnet-0bd260e7df4275bea",
            "timeouts": null
          },
          "sensitive_attributes": [],
          "private": "eyJlMmJmYjczMC1lY2FhLTExZTYtOGY4OC0zNDM2M2JjN2M0YzAiOnsiY3JlYXRlIjozMDAwMDAwMDAwMDAsImRlbGV0ZSI6MzAwMDAwMDAwMDAwLCJ1cGRhdGUiOjEyMDAwMDAwMDAwMH19",
          "dependencies": [
            "aws_internet_gateway.gw",
            "aws_route_table.public",
            "aws_subnet.public_1",
            "aws_vpc.main"
          ]
        }
      ]
    },
    {
      "mode": "managed",
      "type": "aws_route_table_association",
      "name": "public_2",
      "provider": "provider[\"registry.terraform.io/hashicorp/aws\"]",
      "instances": [
        {
          "schema_version": 0,
          "attributes": {
            "gateway_id": "",
            "id": "rtbassoc-0e81270078af0620a",
            "route_table_id": "rtb-0c4f2b14f6aff952a",
            "subnet_id": "subnet-04228860f049e9c28",
            "timeouts": null
          },
          "sensitive_attributes": [],
          "private": "eyJlMmJmYjczMC1lY2FhLTExZTYtOGY4OC0zNDM2M2JjN2M0YzAiOnsiY3JlYXRlIjozMDAwMDAwMDAwMDAsImRlbGV0ZSI6MzAwMDAwMDAwMDAwLCJ1cGRhdGUiOjEyMDAwMDAwMDAwMH19",
          "dependencies": [
            "aws_internet_gateway.gw",
            "aws_route_table.public",
            "aws_subnet.public_2",
            "aws_vpc.main"
          ]
        }
      ]
    },
    {
      "mode": "managed",
      "type": "aws_s3_bucket",
      "name": "backups",
      "provider": "provider[\"registry.terraform.io/hashicorp/aws\"]",
      "instances": [
        {
          "schema_version": 0,
          "attributes": {
            "acceleration_status": "",
            "acl": null,
            "arn": "arn:aws:s3:::serpent-surge-backups-071dbadc",
            "bucket": "serpent-surge-backups-071dbadc",
            "bucket_domain_name": "serpent-surge-backups-071dbadc.s3.amazonaws.com",
            "bucket_prefix": "",
            "bucket_regional_domain_name": "serpent-surge-backups-071dbadc.s3.us-east-1.amazonaws.com",
            "cors_rule": [],
            "force_destroy": true,
            "grant": [
              {
                "id": "9f1039b59b64692f6290c6c9d13623653d714412b207a3be5b674de4a76dae30",
                "permissions": [
                  "FULL_CONTROL"
                ],
                "type": "CanonicalUser",
                "uri": ""
              }
            ],
            "hosted_zone_id": "Z3AQBSTGFYJSTF",
            "id": "serpent-surge-backups-071dbadc",
            "lifecycle_rule": [],
            "logging": [],
            "object_lock_configuration": [],
            "object_lock_enabled": false,
            "policy": "",
            "region": "us-east-1",
            "replication_configuration": [],
            "request_payer": "BucketOwner",
            "server_side_encryption_configuration": [
              {
                "rule": [
                  {
                    "apply_server_side_encryption_by_default": [
                      {
                        "kms_master_key_id": "",
                        "sse_algorithm": "AES256"
                      }
                    ],
                    "bucket_key_enabled": false
                  }
                ]
              }
            ],
            "tags": {
              "Name": "serpent-backups"
            },
            "tags_all": {
              "Name": "serpent-backups"
            },
            "timeouts": null,
            "versioning": [
              {
                "enabled": false,
                "mfa_delete": false
              }
            ],
            "website": [],
            "website_domain": null,
            "website_endpoint": null
          },
          "sensitive_attributes": [],
          "private": "eyJlMmJmYjczMC1lY2FhLTExZTYtOGY4OC0zNDM2M2JjN2M0YzAiOnsiY3JlYXRlIjoxMjAwMDAwMDAwMDAwLCJkZWxldGUiOjM2MDAwMDAwMDAwMDAsInJlYWQiOjEyMDAwMDAwMDAwMDAsInVwZGF0ZSI6MTIwMDAwMDAwMDAwMH19",
          "dependencies": [
            "random_id.suffix"
          ]
        }
      ]
    },
    {
      "mode": "managed",
      "type": "aws_s3_bucket_lifecycle_configuration",
      "name": "expiration",
      "provider": "provider[\"registry.terraform.io/hashicorp/aws\"]",
      "instances": [
        {
          "schema_version": 1,
          "attributes": {
            "bucket": "serpent-surge-backups-071dbadc",
            "expected_bucket_owner": "",
            "id": "serpent-surge-backups-071dbadc",
            "rule": [
              {
                "abort_incomplete_multipart_upload": [],
                "expiration": [
                  {
                    "date": null,
                    "days": 7,
                    "expired_object_delete_marker": false
                  }
                ],
                "filter": [
                  {
                    "and": [],
                    "object_size_greater_than": null,
                    "object_size_less_than": null,
                    "prefix": "",
                    "tag": []
                  }
                ],
                "id": "limit-backups",
                "noncurrent_version_expiration": [],
                "noncurrent_version_transition": [],
                "prefix": "",
                "status": "Enabled",
                "transition": []
              }
            ],
            "timeouts": null,
            "transition_default_minimum_object_size": "all_storage_classes_128K"
          },
          "sensitive_attributes": [],
          "dependencies": [
            "aws_s3_bucket.backups",
            "random_id.suffix"
          ]
        }
      ]
    },
    {
      "mode": "managed",
      "type": "aws_security_group",
      "name": "main",
      "provider": "provider[\"registry.terraform.io/hashicorp/aws\"]",
      "instances": [
        {
          "schema_version": 1,
          "attributes": {
            "arn": "arn:aws:ec2:us-east-1:064190739500:security-group/sg-0402949ff2f7427fb",
            "description": "Allow SSH, HTTP, HTTPS, MySQL",
            "egress": [
              {
                "cidr_blocks": [
                  "0.0.0.0/0"
                ],
                "description": "",
                "from_port": 0,
                "ipv6_cidr_blocks": [],
                "prefix_list_ids": [],
                "protocol": "-1",
                "security_groups": [],
                "self": false,
                "to_port": 0
              }
            ],
            "id": "sg-0402949ff2f7427fb",
            "ingress": [
              {
                "cidr_blocks": [
                  "0.0.0.0/0"
                ],
                "description": "",
                "from_port": 22,
                "ipv6_cidr_blocks": [],
                "prefix_list_ids": [],
                "protocol": "tcp",
                "security_groups": [],
                "self": false,
                "to_port": 22
              },
              {
                "cidr_blocks": [
                  "0.0.0.0/0"
                ],
                "description": "",
                "from_port": 3306,
                "ipv6_cidr_blocks": [],
                "prefix_list_ids": [],
                "protocol": "tcp",
                "security_groups": [],
                "self": false,
                "to_port": 3306
              },
              {
                "cidr_blocks": [
                  "0.0.0.0/0"
                ],
                "description": "",
                "from_port": 443,
                "ipv6_cidr_blocks": [],
                "prefix_list_ids": [],
                "protocol": "tcp",
                "security_groups": [],
                "self": false,
                "to_port": 443
              },
              {
                "cidr_blocks": [
                  "0.0.0.0/0"
                ],
                "description": "",
                "from_port": 80,
                "ipv6_cidr_blocks": [],
                "prefix_list_ids": [],
                "protocol": "tcp",
                "security_groups": [],
                "self": false,
                "to_port": 80
              }
            ],
            "name": "serpent-sg",
            "name_prefix": "",
            "owner_id": "064190739500",
            "revoke_rules_on_delete": false,
            "tags": null,
            "tags_all": {},
            "timeouts": null,
            "vpc_id": "vpc-08f085ea8458ef7c4"
          },
          "sensitive_attributes": [],
          "private": "eyJlMmJmYjczMC1lY2FhLTExZTYtOGY4OC0zNDM2M2JjN2M0YzAiOnsiY3JlYXRlIjo2MDAwMDAwMDAwMDAsImRlbGV0ZSI6OTAwMDAwMDAwMDAwfSwic2NoZW1hX3ZlcnNpb24iOiIxIn0=",
          "dependencies": [
            "aws_vpc.main"
          ]
        }
      ]
    },
    {
      "mode": "managed",
      "type": "aws_subnet",
      "name": "public_1",
      "provider": "provider[\"registry.terraform.io/hashicorp/aws\"]",
      "instances": [
        {
          "schema_version": 1,
          "attributes": {
            "arn": "arn:aws:ec2:us-east-1:064190739500:subnet/subnet-0bd260e7df4275bea",
            "assign_ipv6_address_on_creation": false,
            "availability_zone": "us-east-1a",
            "availability_zone_id": "use1-az1",
            "cidr_block": "10.0.1.0/24",
            "customer_owned_ipv4_pool": "",
            "enable_dns64": false,
            "enable_lni_at_device_index": 0,
            "enable_resource_name_dns_a_record_on_launch": false,
            "enable_resource_name_dns_aaaa_record_on_launch": false,
            "id": "subnet-0bd260e7df4275bea",
            "ipv6_cidr_block": "",
            "ipv6_cidr_block_association_id": "",
            "ipv6_native": false,
            "map_customer_owned_ip_on_launch": false,
            "map_public_ip_on_launch": true,
            "outpost_arn": "",
            "owner_id": "064190739500",
            "private_dns_hostname_type_on_launch": "ip-name",
            "tags": {
              "Name": "subnet-a"
            },
            "tags_all": {
              "Name": "subnet-a"
            },
            "timeouts": null,
            "vpc_id": "vpc-08f085ea8458ef7c4"
          },
          "sensitive_attributes": [],
          "private": "eyJlMmJmYjczMC1lY2FhLTExZTYtOGY4OC0zNDM2M2JjN2M0YzAiOnsiY3JlYXRlIjo2MDAwMDAwMDAwMDAsImRlbGV0ZSI6MTIwMDAwMDAwMDAwMH0sInNjaGVtYV92ZXJzaW9uIjoiMSJ9",
          "dependencies": [
            "aws_vpc.main"
          ]
        }
      ]
    },
    {
      "mode": "managed",
      "type": "aws_subnet",
      "name": "public_2",
      "provider": "provider[\"registry.terraform.io/hashicorp/aws\"]",
      "instances": [
        {
          "schema_version": 1,
          "attributes": {
            "arn": "arn:aws:ec2:us-east-1:064190739500:subnet/subnet-04228860f049e9c28",
            "assign_ipv6_address_on_creation": false,
            "availability_zone": "us-east-1b",
            "availability_zone_id": "use1-az2",
            "cidr_block": "10.0.2.0/24",
            "customer_owned_ipv4_pool": "",
            "enable_dns64": false,
            "enable_lni_at_device_index": 0,
            "enable_resource_name_dns_a_record_on_launch": false,
            "enable_resource_name_dns_aaaa_record_on_launch": false,
            "id": "subnet-04228860f049e9c28",
            "ipv6_cidr_block": "",
            "ipv6_cidr_block_association_id": "",
            "ipv6_native": false,
            "map_customer_owned_ip_on_launch": false,
            "map_public_ip_on_launch": true,
            "outpost_arn": "",
            "owner_id": "064190739500",
            "private_dns_hostname_type_on_launch": "ip-name",
            "tags": {
              "Name": "subnet-b"
            },
            "tags_all": {
              "Name": "subnet-b"
            },
            "timeouts": null,
            "vpc_id": "vpc-08f085ea8458ef7c4"
          },
          "sensitive_attributes": [],
          "private": "eyJlMmJmYjczMC1lY2FhLTExZTYtOGY4OC0zNDM2M2JjN2M0YzAiOnsiY3JlYXRlIjo2MDAwMDAwMDAwMDAsImRlbGV0ZSI6MTIwMDAwMDAwMDAwMH0sInNjaGVtYV92ZXJzaW9uIjoiMSJ9",
          "dependencies": [
            "aws_vpc.main"
          ]
        }
      ]
    },
    {
      "mode": "managed",
      "type": "aws_vpc",
      "name": "main",
      "provider": "provider[\"registry.terraform.io/hashicorp/aws\"]",
      "instances": [
        {
          "schema_version": 1,
          "attributes": {
            "arn": "arn:aws:ec2:us-east-1:064190739500:vpc/vpc-08f085ea8458ef7c4",
            "assign_generated_ipv6_cidr_block": false,
            "cidr_block": "10.0.0.0/16",
            "default_network_acl_id": "acl-087b0e8f3baf173b3",
            "default_route_table_id": "rtb-077dc6dbaff7d9f7d",
            "default_security_group_id": "sg-01ee58c16f01f96b2",
            "dhcp_options_id": "dopt-034e6ae22d6fe3feb",
            "enable_dns_hostnames": true,
            "enable_dns_support": true,
            "enable_network_address_usage_metrics": false,
            "id": "vpc-08f085ea8458ef7c4",
            "instance_tenancy": "default",
            "ipv4_ipam_pool_id": null,
            "ipv4_netmask_length": null,
            "ipv6_association_id": "",
            "ipv6_cidr_block": "",
            "ipv6_cidr_block_network_border_group": "",
            "ipv6_ipam_pool_id": "",
            "ipv6_netmask_length": 0,
            "main_route_table_id": "rtb-077dc6dbaff7d9f7d",
            "owner_id": "064190739500",
            "tags": {
              "Name": "serpent-vpc"
            },
            "tags_all": {
              "Name": "serpent-vpc"
            }
          },
          "sensitive_attributes": [],
          "private": "eyJzY2hlbWFfdmVyc2lvbiI6IjEifQ=="
        }
      ]
    },
    {
      "mode": "managed",
      "type": "local_file",
      "name": "private_key",
      "provider": "provider[\"registry.terraform.io/hashicorp/local\"]",
      "instances": [
        {
          "schema_version": 0,
          "attributes": {
            "content": "-----BEGIN RSA PRIVATE KEY-----\nMIIJJwIBAAKCAgEApo5lUzX0LzMQz5pWzAgHne0RyJ6KZvm6fdmGTqSVTkBa9Ear\nGtTNNU86tXCaWimTqP7H5/sq6JvP3tnjd8qyBP2Bddn8MKhbQSMA7iIOjYLqWn85\nlhoNqMTJ7VjrvwfukDrcy4oKPgKKTyPQYt5OVlV+/WwKKrGQ/lCDrdWKwWkIz/HY\n2JbO5T5N3e/SlFAmx/MYfU/f3CYaJdSv9sA+vbTeqWso48cVcJf5bkBBCd0EWEsU\nj91SyTyEbzf6myIxXkKPMinXJhwj8ifewcpHAUvaIitBEQSbp5Tc0nP3Krl2Bluk\nqozJ+JDIWOgnMD10W9TN2LSrv0lI6YlMg6rJ3CXweGWk1j6iwzA3lpF/OeHhGLhK\nBvbzptig1mnsDMEOLm9xkl4hJJv3MtvC42LhA6r+8kQAbmTuNZe4z/tvGZE5upaq\n+iTQM7KkchJKP5EDLHuqvBBX5UiC+J0KykIGBieOgeA/WP87JogXtmHA3vlRYe4u\n2CC/HYNBlziVBdMFR2Q2B9GxuUvWDHBeAA6xHyqF1xQ2P3jMItMiGYyzeCmbO6Px\nXaHnGxbIbxErkenUZPo6NEy4JrKgEW+egLKHTLMFdDQu9M8o4Ao0Y7rG1Cfu+mBK\n2J/xhBkArQkcpaZHUfoijN4zOcuUiX9uvTCOtj25A1t27lsemlbDmyfMJ/8CAwEA\nAQKCAgA5v5eMMWHX16nVgVrk5UfWzvLij23HZIDvz7MMo24NMq0Wk0YSSIRaHn1p\nmYA7EL1c0/H2EhT/j76UMxH2X/Y3Wro/ZXRWXpk9TWiuKGrJUAH3nLMXwzLHOGwW\n+kTK+HIT2gTiIZuJgpH3/J/tF80ri/s63PHteaGfO8VcSXURuFxQ1TbtaeSUgXS4\nJcXqnJvFqhjsofwpNaDNSyAzutZGKmclcL09tLJPVrIqMucaB2LRRj773q4sjeoR\nMeSXU1SwrP0/VFh/ozQnawGGSZ8y6NzaCgtGXkWl5ixmX8TsMF+mtrGyXJxOrcx5\nXwzvYe9tQ6yXnZUK/trj9jHsWRQhzGYzD0FeKHC2ASKbH9lBIMsT9uz3rRH8ulKS\nFlaxZTLfK4Jfyb0dzU3bNDNrlzemYedlfbuRQK1+RZ5TtcibJlmMfJJJDbVB7grq\nMPJKmBkbyHCa9J850errtAirzhiICz5OKxsxOF1Fei1XIF7IxrA5g0ZTxf09tcgy\nZ9u3OzrveyNP63UyO/ZWRxzDRdPOiPl+KD9Er5TY08daY58ggnfl9aRN8cwwtA4y\n6daIdKhwdZncwhN4mFQxY75d7STZLjWIT+qKk3bnJPO1sMt5xadQAT65bU5ZR7Nu\nzEXGsA+2epTaE6u1outKAVSsn+lRIx7Jn7txmdyyVuGc1AqRCQKCAQEA0PqbVyMn\nN/aNzMdccMX795hCHkoM4ztTex5dS/OFcrEOKVfHJoSCIgZS/IL2hz7fxI2xVxgQ\nR3YQSaoe0gVcWQCxpbRTAoNE3q+bNsi7ryxJObAzZGcaWpMtKmpqCB2gM3lPBU3D\nwnB0A0fdDZM9yMadepnGXSrTowLVHWjWtYxVCUU4Xkjm+vlf3aIVGOithjq3fPTv\n1brd1N1XHIu9UkawmFb1UAYEU3ZrHoGYLvcBSYc31MUzZZMrmyztLO4cGUhHJcAE\n1aKCzMA9kyJUotcfcnEfg/2ppgFbnF66aP8T3Xb/RlK6W/d9MhmcjBd9/hRyZzKc\ntsh3BHx+5OlCKwKCAQEAzAgzF0RNHUkHJItGKosbfEHeBqDq9/92Ug9XDKJ+AGNR\net14v3t47vRlI2n5BKaMv2hk3OXa/00wRt/Gtm1vZ7C6Xrh31sH4LOpZD8CzYxOO\nntdEN1WQKeuhahUg5AW70Kh/njFVkP09KnWuyo1muXKqua6QZyEbb89yZdIN2M23\nWo9YtWHuHm2teCsH/Hlirs3uzNrBoRcCuAiYuE8R1NX5iY4tWhF1wZBfrRz6CxHJ\nbD4bgeT5DIgeVIUGeb+9JQw5d3JM6KpUf8pOGUyGoJqlvEhZSl8Zo+sFrLoZopUm\ne88Lk42cCJjQFsY6g51Gr9TpejtEuj7nrAv3b60LfQKCAQBhOVZv8cDbPm+2J8IQ\nDWwuQr3wDY91YDJ0gynwnfkl5M2r2lSizN8mKT8Oj3dWcJ/2d91boaxhMsJdIzJ3\nj1rpZXNAnmZIMv4lhBl4IWeAFeBzYFBok7clEHfg1eVCpVXU3MkwtH8wxNSUeiiT\nmj8SW6UEVup8ieIwYq73ocDScdlWGMgixVQAy2gYWsHp9sZUPpkDH4k9LFTsJZXT\niAeqcYzTMxGqC0KT+fHYHX7Jyszkgm4tJRnGVfPhm8M0NgsIkCHZpD4bjiHAVGfR\nPhWWNPNCcPKym58Dxnnyg/fBxXpefHBDLVXaV4f9eQDmBD/vp1+aN2fFefo1Mh5v\nLT5FAoIBADjwHNnkXKTMiWrAVy9uLJhrhTtSUuAscWeLEl7bRdBz5vwjrBu7qE7+\n8u6EF1Md629LAcLHfmr6rntI3ZpxRcKpBgmC7yaGcOyP5ZTI0QbYIVfgeQ/8F8Qr\nFpuVE92uX/Bl5V9PIzLYCOa9eq7Z8Q3VmyFAPtoY2iBEwwb5LJYRKpbiI/5SOvJQ\n5zT+xTbG5SwlGfwfHCQJWN/kvkHJBw/fOskRXUSiVLtUv+5+hKTsLMrBNkn0jS/b\nGKO7j8gQIwegtrTHuADB79zNpyfWPEe7gH7frdNcYLpmzumZ8ad2egvZBsEBpsab\nZo7EePXbwSs2foV23sIe5eYUXNPUdb0CggEAKnuF/xdun3H0plion+v8ZoXGlFjA\nZxOC8rJEyvhIJ7FEdVmHMZgE26BRRBK6moOsUlKISxmZkfnQTnzUrSBLUr0oPFXM\nZHy3+Kk1yuy3w1G4H0naWl1t49Xk++N+Wk66AraUjiEOPQ0anJ61fhdmBr7zZoYh\n5XSSZxQgxfMsUH/fcYVL5+oG9RbBBvofiythlMTZ9DJNNAZAwYQF0EKm9Bs0M3aQ\nA9w0crh4QrMLHepHoHKqj+sOB/z7ok6yoQqNse0V3th8XV6t5oUuv3soWkicphIf\n/Q+OE6pwF5aqJVkp2FRo9zFwpqCVN7FndD8RmhtNaYSm3oMKXPc6LSlMBw==\n-----END RSA PRIVATE KEY-----\n",
            "content_base64": null,
            "content_base64sha256": "43uv6KIzVqmbWO3jvCypn10SOnXlGc9bCSuoGx6P+zc=",
            "content_base64sha512": "C7URffY8ruNfVo5iuocCqBDoqt9H6mYpqCuq3QuLY/AZ73j2fPz5oFke251cUWO8gu6jjgzda2KdRU/8YcPPDg==",
            "content_md5": "76bb01d224b619dccb38a5ddc79fd2b4",
            "content_sha1": "0d490a0f245d77c14f8407ef5ebb5d8de10f2fed",
            "content_sha256": "e37bafe8a23356a99b58ede3bc2ca99f5d123a75e519cf5b092ba81b1e8ffb37",
            "content_sha512": "0bb5117df63caee35f568e62ba8702a810e8aadf47ea6629a82baadd0b8b63f019ef78f67cfcf9a0591edb9d5c5163bc82eea38e0cdd6b629d454ffc61c3cf0e",
            "directory_permission": "0777",
            "file_permission": "0600",
            "filename": "serpent-surge-key.pem",
            "id": "0d490a0f245d77c14f8407ef5ebb5d8de10f2fed",
            "sensitive_content": null,
            "source": null
          },
          "sensitive_attributes": [
            [
              {
                "type": "get_attr",
                "value": "content"
              }
            ],
            [
              {
                "type": "get_attr",
                "value": "sensitive_content"
              }
            ]
          ],
          "dependencies": [
            "tls_private_key.ssh_key"
          ]
        }
      ]
    },
    {
      "mode": "managed",
      "type": "random_id",
      "name": "suffix",
      "provider": "provider[\"registry.terraform.io/hashicorp/random\"]",
      "instances": [
        {
          "schema_version": 0,
          "attributes": {
            "b64_std": "Bx263A==",
            "b64_url": "Bx263A",
            "byte_length": 4,
            "dec": "119388892",
            "hex": "071dbadc",
            "id": "Bx263A",
            "keepers": null,
            "prefix": null
          },
          "sensitive_attributes": []
        }
      ]
    },
    {
      "mode": "managed",
      "type": "tls_private_key",
      "name": "ssh_key",
      "provider": "provider[\"registry.terraform.io/hashicorp/tls\"]",
      "instances": [
        {
          "schema_version": 1,
          "attributes": {
            "algorithm": "RSA",
            "ecdsa_curve": "P224",
            "id": "a2c251f8e095ad192619481ec8988cecaf542c5c",
            "private_key_openssh": "-----BEGIN OPENSSH PRIVATE KEY-----\nb3BlbnNzaC1rZXktdjEAAAAABG5vbmUAAAAEbm9uZQAAAAAAAAABAAACFwAAAAdz\nc2gtcnNhAAAAAwEAAQAAAgEApo5lUzX0LzMQz5pWzAgHne0RyJ6KZvm6fdmGTqSV\nTkBa9EarGtTNNU86tXCaWimTqP7H5/sq6JvP3tnjd8qyBP2Bddn8MKhbQSMA7iIO\njYLqWn85lhoNqMTJ7VjrvwfukDrcy4oKPgKKTyPQYt5OVlV+/WwKKrGQ/lCDrdWK\nwWkIz/HY2JbO5T5N3e/SlFAmx/MYfU/f3CYaJdSv9sA+vbTeqWso48cVcJf5bkBB\nCd0EWEsUj91SyTyEbzf6myIxXkKPMinXJhwj8ifewcpHAUvaIitBEQSbp5Tc0nP3\nKrl2BlukqozJ+JDIWOgnMD10W9TN2LSrv0lI6YlMg6rJ3CXweGWk1j6iwzA3lpF/\nOeHhGLhKBvbzptig1mnsDMEOLm9xkl4hJJv3MtvC42LhA6r+8kQAbmTuNZe4z/tv\nGZE5upaq+iTQM7KkchJKP5EDLHuqvBBX5UiC+J0KykIGBieOgeA/WP87JogXtmHA\n3vlRYe4u2CC/HYNBlziVBdMFR2Q2B9GxuUvWDHBeAA6xHyqF1xQ2P3jMItMiGYyz\neCmbO6PxXaHnGxbIbxErkenUZPo6NEy4JrKgEW+egLKHTLMFdDQu9M8o4Ao0Y7rG\n1Cfu+mBK2J/xhBkArQkcpaZHUfoijN4zOcuUiX9uvTCOtj25A1t27lsemlbDmyfM\nJ/8AAAc4KKjHBiioxwYAAAAHc3NoLXJzYQAAAgEApo5lUzX0LzMQz5pWzAgHne0R\nyJ6KZvm6fdmGTqSVTkBa9EarGtTNNU86tXCaWimTqP7H5/sq6JvP3tnjd8qyBP2B\nddn8MKhbQSMA7iIOjYLqWn85lhoNqMTJ7VjrvwfukDrcy4oKPgKKTyPQYt5OVlV+\n/WwKKrGQ/lCDrdWKwWkIz/HY2JbO5T5N3e/SlFAmx/MYfU/f3CYaJdSv9sA+vbTe\nqWso48cVcJf5bkBBCd0EWEsUj91SyTyEbzf6myIxXkKPMinXJhwj8ifewcpHAUva\nIitBEQSbp5Tc0nP3Krl2BlukqozJ+JDIWOgnMD10W9TN2LSrv0lI6YlMg6rJ3CXw\neGWk1j6iwzA3lpF/OeHhGLhKBvbzptig1mnsDMEOLm9xkl4hJJv3MtvC42LhA6r+\n8kQAbmTuNZe4z/tvGZE5upaq+iTQM7KkchJKP5EDLHuqvBBX5UiC+J0KykIGBieO\ngeA/WP87JogXtmHA3vlRYe4u2CC/HYNBlziVBdMFR2Q2B9GxuUvWDHBeAA6xHyqF\n1xQ2P3jMItMiGYyzeCmbO6PxXaHnGxbIbxErkenUZPo6NEy4JrKgEW+egLKHTLMF\ndDQu9M8o4Ao0Y7rG1Cfu+mBK2J/xhBkArQkcpaZHUfoijN4zOcuUiX9uvTCOtj25\nA1t27lsemlbDmyfMJ/8AAAADAQABAAACADm/l4wxYdfXqdWBWuTlR9bO8uKPbcdk\ngO/Pswyjbg0yrRaTRhJIhFoefWmZgDsQvVzT8fYSFP+PvpQzEfZf9jdauj9ldFZe\nmT1NaK4oaslQAfecsxfDMsc4bBb6RMr4chPaBOIhm4mCkff8n+0XzSuL+zrc8e15\noZ87xVxJdRG4XFDVNu1p5JSBdLglxeqcm8WqGOyh/Ck1oM1LIDO61kYqZyVwvT20\nsk9Wsioy5xoHYtFGPvveriyN6hEx5JdTVLCs/T9UWH+jNCdrAYZJnzLo3NoKC0Ze\nRaXmLGZfxOwwX6a2sbJcnE6tzHlfDO9h721DrJedlQr+2uP2MexZFCHMZjMPQV4o\ncLYBIpsf2UEgyxP27PetEfy6UpIWVrFlMt8rgl/JvR3NTds0M2uXN6Zh52V9u5FA\nrX5FnlO1yJsmWYx8kkkNtUHuCuow8kqYGRvIcJr0nznR6uu0CKvOGIgLPk4rGzE4\nXUV6LVcgXsjGsDmDRlPF/T21yDJn27c7Ou97I0/rdTI79lZHHMNF086I+X4oP0Sv\nlNjTx1pjnyCCd+X1pE3xzDC0DjLp1oh0qHB1mdzCE3iYVDFjvl3tJNkuNYhP6oqT\nduck87Wwy3nFp1ABPrltTllHs27MRcawD7Z6lNoTq7Wi60oBVKyf6VEjHsmfu3GZ\n3LJW4ZzUCpEJAAABACp7hf8Xbp9x9KZYqJ/r/GaFxpRYwGcTgvKyRMr4SCexRHVZ\nhzGYBNugUUQSupqDrFJSiEsZmZH50E581K0gS1K9KDxVzGR8t/ipNcrst8NRuB9J\n2lpdbePV5PvjflpOugK2lI4hDj0NGpyetX4XZga+82aGIeV0kmcUIMXzLFB/33GF\nS+fqBvUWwQb6H4srYZTE2fQyTTQGQMGEBdBCpvQbNDN2kAPcNHK4eEKzCx3qR6By\nqo/rDgf8+6JOsqEKjbHtFd7YfF1ereaFLr97KFpInKYSH/0PjhOqcBeWqiVZKdhU\naPcxcKaglTexZ3Q/EZobTWmEpt6DClz3Oi0pTAcAAAEBAND6m1cjJzf2jczHXHDF\n+/eYQh5KDOM7U3seXUvzhXKxDilXxyaEgiIGUvyC9oc+38SNsVcYEEd2EEmqHtIF\nXFkAsaW0UwKDRN6vmzbIu68sSTmwM2RnGlqTLSpqaggdoDN5TwVNw8JwdANH3Q2T\nPcjGnXqZxl0q06MC1R1o1rWMVQlFOF5I5vr5X92iFRjorYY6t3z079W63dTdVxyL\nvVJGsJhW9VAGBFN2ax6BmC73AUmHN9TFM2WTK5ss7SzuHBlIRyXABNWigszAPZMi\nVKLXH3JxH4P9qaYBW5xeumj/E912/0ZSulv3fTIZnIwXff4UcmcynLbIdwR8fuTp\nQisAAAEBAMwIMxdETR1JBySLRiqLG3xB3gag6vf/dlIPVwyifgBjUXrdeL97eO70\nZSNp+QSmjL9oZNzl2v9NMEbfxrZtb2ewul64d9bB+CzqWQ/As2MTjp7XRDdVkCnr\noWoVIOQFu9Cof54xVZD9PSp1rsqNZrlyqrmukGchG2/PcmXSDdjNt1qPWLVh7h5t\nrXgrB/x5Yq7N7szawaEXArgImLhPEdTV+YmOLVoRdcGQX60c+gsRyWw+G4Hk+QyI\nHlSFBnm/vSUMOXdyTOiqVH/KThlMhqCapbxIWUpfGaPrBay6GaKVJnvPC5ONnAiY\n0BbGOoOdRq/U6Xo7RLo+56wL92+tC30AAAAAAQID\n-----END OPENSSH PRIVATE KEY-----\n",
            "private_key_pem": "-----BEGIN RSA PRIVATE KEY-----\nMIIJJwIBAAKCAgEApo5lUzX0LzMQz5pWzAgHne0RyJ6KZvm6fdmGTqSVTkBa9Ear\nGtTNNU86tXCaWimTqP7H5/sq6JvP3tnjd8qyBP2Bddn8MKhbQSMA7iIOjYLqWn85\nlhoNqMTJ7VjrvwfukDrcy4oKPgKKTyPQYt5OVlV+/WwKKrGQ/lCDrdWKwWkIz/HY\n2JbO5T5N3e/SlFAmx/MYfU/f3CYaJdSv9sA+vbTeqWso48cVcJf5bkBBCd0EWEsU\nj91SyTyEbzf6myIxXkKPMinXJhwj8ifewcpHAUvaIitBEQSbp5Tc0nP3Krl2Bluk\nqozJ+JDIWOgnMD10W9TN2LSrv0lI6YlMg6rJ3CXweGWk1j6iwzA3lpF/OeHhGLhK\nBvbzptig1mnsDMEOLm9xkl4hJJv3MtvC42LhA6r+8kQAbmTuNZe4z/tvGZE5upaq\n+iTQM7KkchJKP5EDLHuqvBBX5UiC+J0KykIGBieOgeA/WP87JogXtmHA3vlRYe4u\n2CC/HYNBlziVBdMFR2Q2B9GxuUvWDHBeAA6xHyqF1xQ2P3jMItMiGYyzeCmbO6Px\nXaHnGxbIbxErkenUZPo6NEy4JrKgEW+egLKHTLMFdDQu9M8o4Ao0Y7rG1Cfu+mBK\n2J/xhBkArQkcpaZHUfoijN4zOcuUiX9uvTCOtj25A1t27lsemlbDmyfMJ/8CAwEA\nAQKCAgA5v5eMMWHX16nVgVrk5UfWzvLij23HZIDvz7MMo24NMq0Wk0YSSIRaHn1p\nmYA7EL1c0/H2EhT/j76UMxH2X/Y3Wro/ZXRWXpk9TWiuKGrJUAH3nLMXwzLHOGwW\n+kTK+HIT2gTiIZuJgpH3/J/tF80ri/s63PHteaGfO8VcSXURuFxQ1TbtaeSUgXS4\nJcXqnJvFqhjsofwpNaDNSyAzutZGKmclcL09tLJPVrIqMucaB2LRRj773q4sjeoR\nMeSXU1SwrP0/VFh/ozQnawGGSZ8y6NzaCgtGXkWl5ixmX8TsMF+mtrGyXJxOrcx5\nXwzvYe9tQ6yXnZUK/trj9jHsWRQhzGYzD0FeKHC2ASKbH9lBIMsT9uz3rRH8ulKS\nFlaxZTLfK4Jfyb0dzU3bNDNrlzemYedlfbuRQK1+RZ5TtcibJlmMfJJJDbVB7grq\nMPJKmBkbyHCa9J850errtAirzhiICz5OKxsxOF1Fei1XIF7IxrA5g0ZTxf09tcgy\nZ9u3OzrveyNP63UyO/ZWRxzDRdPOiPl+KD9Er5TY08daY58ggnfl9aRN8cwwtA4y\n6daIdKhwdZncwhN4mFQxY75d7STZLjWIT+qKk3bnJPO1sMt5xadQAT65bU5ZR7Nu\nzEXGsA+2epTaE6u1outKAVSsn+lRIx7Jn7txmdyyVuGc1AqRCQKCAQEA0PqbVyMn\nN/aNzMdccMX795hCHkoM4ztTex5dS/OFcrEOKVfHJoSCIgZS/IL2hz7fxI2xVxgQ\nR3YQSaoe0gVcWQCxpbRTAoNE3q+bNsi7ryxJObAzZGcaWpMtKmpqCB2gM3lPBU3D\nwnB0A0fdDZM9yMadepnGXSrTowLVHWjWtYxVCUU4Xkjm+vlf3aIVGOithjq3fPTv\n1brd1N1XHIu9UkawmFb1UAYEU3ZrHoGYLvcBSYc31MUzZZMrmyztLO4cGUhHJcAE\n1aKCzMA9kyJUotcfcnEfg/2ppgFbnF66aP8T3Xb/RlK6W/d9MhmcjBd9/hRyZzKc\ntsh3BHx+5OlCKwKCAQEAzAgzF0RNHUkHJItGKosbfEHeBqDq9/92Ug9XDKJ+AGNR\net14v3t47vRlI2n5BKaMv2hk3OXa/00wRt/Gtm1vZ7C6Xrh31sH4LOpZD8CzYxOO\nntdEN1WQKeuhahUg5AW70Kh/njFVkP09KnWuyo1muXKqua6QZyEbb89yZdIN2M23\nWo9YtWHuHm2teCsH/Hlirs3uzNrBoRcCuAiYuE8R1NX5iY4tWhF1wZBfrRz6CxHJ\nbD4bgeT5DIgeVIUGeb+9JQw5d3JM6KpUf8pOGUyGoJqlvEhZSl8Zo+sFrLoZopUm\ne88Lk42cCJjQFsY6g51Gr9TpejtEuj7nrAv3b60LfQKCAQBhOVZv8cDbPm+2J8IQ\nDWwuQr3wDY91YDJ0gynwnfkl5M2r2lSizN8mKT8Oj3dWcJ/2d91boaxhMsJdIzJ3\nj1rpZXNAnmZIMv4lhBl4IWeAFeBzYFBok7clEHfg1eVCpVXU3MkwtH8wxNSUeiiT\nmj8SW6UEVup8ieIwYq73ocDScdlWGMgixVQAy2gYWsHp9sZUPpkDH4k9LFTsJZXT\niAeqcYzTMxGqC0KT+fHYHX7Jyszkgm4tJRnGVfPhm8M0NgsIkCHZpD4bjiHAVGfR\nPhWWNPNCcPKym58Dxnnyg/fBxXpefHBDLVXaV4f9eQDmBD/vp1+aN2fFefo1Mh5v\nLT5FAoIBADjwHNnkXKTMiWrAVy9uLJhrhTtSUuAscWeLEl7bRdBz5vwjrBu7qE7+\n8u6EF1Md629LAcLHfmr6rntI3ZpxRcKpBgmC7yaGcOyP5ZTI0QbYIVfgeQ/8F8Qr\nFpuVE92uX/Bl5V9PIzLYCOa9eq7Z8Q3VmyFAPtoY2iBEwwb5LJYRKpbiI/5SOvJQ\n5zT+xTbG5SwlGfwfHCQJWN/kvkHJBw/fOskRXUSiVLtUv+5+hKTsLMrBNkn0jS/b\nGKO7j8gQIwegtrTHuADB79zNpyfWPEe7gH7frdNcYLpmzumZ8ad2egvZBsEBpsab\nZo7EePXbwSs2foV23sIe5eYUXNPUdb0CggEAKnuF/xdun3H0plion+v8ZoXGlFjA\nZxOC8rJEyvhIJ7FEdVmHMZgE26BRRBK6moOsUlKISxmZkfnQTnzUrSBLUr0oPFXM\nZHy3+Kk1yuy3w1G4H0naWl1t49Xk++N+Wk66AraUjiEOPQ0anJ61fhdmBr7zZoYh\n5XSSZxQgxfMsUH/fcYVL5+oG9RbBBvofiythlMTZ9DJNNAZAwYQF0EKm9Bs0M3aQ\nA9w0crh4QrMLHepHoHKqj+sOB/z7ok6yoQqNse0V3th8XV6t5oUuv3soWkicphIf\n/Q+OE6pwF5aqJVkp2FRo9zFwpqCVN7FndD8RmhtNaYSm3oMKXPc6LSlMBw==\n-----END RSA PRIVATE KEY-----\n",
            "private_key_pem_pkcs8": "-----BEGIN PRIVATE KEY-----\nMIIJQQIBADANBgkqhkiG9w0BAQEFAASCCSswggknAgEAAoICAQCmjmVTNfQvMxDP\nmlbMCAed7RHInopm+bp92YZOpJVOQFr0Rqsa1M01Tzq1cJpaKZOo/sfn+yrom8/e\n2eN3yrIE/YF12fwwqFtBIwDuIg6NgupafzmWGg2oxMntWOu/B+6QOtzLigo+AopP\nI9Bi3k5WVX79bAoqsZD+UIOt1YrBaQjP8djYls7lPk3d79KUUCbH8xh9T9/cJhol\n1K/2wD69tN6payjjxxVwl/luQEEJ3QRYSxSP3VLJPIRvN/qbIjFeQo8yKdcmHCPy\nJ97BykcBS9oiK0ERBJunlNzSc/cquXYGW6SqjMn4kMhY6CcwPXRb1M3YtKu/SUjp\niUyDqsncJfB4ZaTWPqLDMDeWkX854eEYuEoG9vOm2KDWaewMwQ4ub3GSXiEkm/cy\n28LjYuEDqv7yRABuZO41l7jP+28ZkTm6lqr6JNAzsqRyEko/kQMse6q8EFflSIL4\nnQrKQgYGJ46B4D9Y/zsmiBe2YcDe+VFh7i7YIL8dg0GXOJUF0wVHZDYH0bG5S9YM\ncF4ADrEfKoXXFDY/eMwi0yIZjLN4KZs7o/FdoecbFshvESuR6dRk+jo0TLgmsqAR\nb56AsodMswV0NC70zyjgCjRjusbUJ+76YErYn/GEGQCtCRylpkdR+iKM3jM5y5SJ\nf269MI62PbkDW3buWx6aVsObJ8wn/wIDAQABAoICADm/l4wxYdfXqdWBWuTlR9bO\n8uKPbcdkgO/Pswyjbg0yrRaTRhJIhFoefWmZgDsQvVzT8fYSFP+PvpQzEfZf9jda\nuj9ldFZemT1NaK4oaslQAfecsxfDMsc4bBb6RMr4chPaBOIhm4mCkff8n+0XzSuL\n+zrc8e15oZ87xVxJdRG4XFDVNu1p5JSBdLglxeqcm8WqGOyh/Ck1oM1LIDO61kYq\nZyVwvT20sk9Wsioy5xoHYtFGPvveriyN6hEx5JdTVLCs/T9UWH+jNCdrAYZJnzLo\n3NoKC0ZeRaXmLGZfxOwwX6a2sbJcnE6tzHlfDO9h721DrJedlQr+2uP2MexZFCHM\nZjMPQV4ocLYBIpsf2UEgyxP27PetEfy6UpIWVrFlMt8rgl/JvR3NTds0M2uXN6Zh\n52V9u5FArX5FnlO1yJsmWYx8kkkNtUHuCuow8kqYGRvIcJr0nznR6uu0CKvOGIgL\nPk4rGzE4XUV6LVcgXsjGsDmDRlPF/T21yDJn27c7Ou97I0/rdTI79lZHHMNF086I\n+X4oP0SvlNjTx1pjnyCCd+X1pE3xzDC0DjLp1oh0qHB1mdzCE3iYVDFjvl3tJNku\nNYhP6oqTduck87Wwy3nFp1ABPrltTllHs27MRcawD7Z6lNoTq7Wi60oBVKyf6VEj\nHsmfu3GZ3LJW4ZzUCpEJAoIBAQDQ+ptXIyc39o3Mx1xwxfv3mEIeSgzjO1N7Hl1L\n84VysQ4pV8cmhIIiBlL8gvaHPt/EjbFXGBBHdhBJqh7SBVxZALGltFMCg0Ter5s2\nyLuvLEk5sDNkZxpaky0qamoIHaAzeU8FTcPCcHQDR90Nkz3Ixp16mcZdKtOjAtUd\naNa1jFUJRTheSOb6+V/dohUY6K2GOrd89O/Vut3U3Vcci71SRrCYVvVQBgRTdmse\ngZgu9wFJhzfUxTNlkyubLO0s7hwZSEclwATVooLMwD2TIlSi1x9ycR+D/ammAVuc\nXrpo/xPddv9GUrpb930yGZyMF33+FHJnMpy2yHcEfH7k6UIrAoIBAQDMCDMXRE0d\nSQcki0Yqixt8Qd4GoOr3/3ZSD1cMon4AY1F63Xi/e3ju9GUjafkEpoy/aGTc5dr/\nTTBG38a2bW9nsLpeuHfWwfgs6lkPwLNjE46e10Q3VZAp66FqFSDkBbvQqH+eMVWQ\n/T0qda7KjWa5cqq5rpBnIRtvz3Jl0g3Yzbdaj1i1Ye4eba14Kwf8eWKuze7M2sGh\nFwK4CJi4TxHU1fmJji1aEXXBkF+tHPoLEclsPhuB5PkMiB5UhQZ5v70lDDl3ckzo\nqlR/yk4ZTIagmqW8SFlKXxmj6wWsuhmilSZ7zwuTjZwImNAWxjqDnUav1Ol6O0S6\nPuesC/dvrQt9AoIBAGE5Vm/xwNs+b7YnwhANbC5CvfANj3VgMnSDKfCd+SXkzava\nVKLM3yYpPw6Pd1Zwn/Z33VuhrGEywl0jMnePWullc0CeZkgy/iWEGXghZ4AV4HNg\nUGiTtyUQd+DV5UKlVdTcyTC0fzDE1JR6KJOaPxJbpQRW6nyJ4jBirvehwNJx2VYY\nyCLFVADLaBhawen2xlQ+mQMfiT0sVOwlldOIB6pxjNMzEaoLQpP58dgdfsnKzOSC\nbi0lGcZV8+GbwzQ2CwiQIdmkPhuOIcBUZ9E+FZY080Jw8rKbnwPGefKD98HFel58\ncEMtVdpXh/15AOYEP++nX5o3Z8V5+jUyHm8tPkUCggEAOPAc2eRcpMyJasBXL24s\nmGuFO1JS4CxxZ4sSXttF0HPm/COsG7uoTv7y7oQXUx3rb0sBwsd+avque0jdmnFF\nwqkGCYLvJoZw7I/llMjRBtghV+B5D/wXxCsWm5UT3a5f8GXlX08jMtgI5r16rtnx\nDdWbIUA+2hjaIETDBvkslhEqluIj/lI68lDnNP7FNsblLCUZ/B8cJAlY3+S+QckH\nD986yRFdRKJUu1S/7n6EpOwsysE2SfSNL9sYo7uPyBAjB6C2tMe4AMHv3M2nJ9Y8\nR7uAft+t01xgumbO6Znxp3Z6C9kGwQGmxptmjsR49dvBKzZ+hXbewh7l5hRc09R1\nvQKCAQAqe4X/F26fcfSmWKif6/xmhcaUWMBnE4LyskTK+EgnsUR1WYcxmATboFFE\nErqag6xSUohLGZmR+dBOfNStIEtSvSg8VcxkfLf4qTXK7LfDUbgfSdpaXW3j1eT7\n435aTroCtpSOIQ49DRqcnrV+F2YGvvNmhiHldJJnFCDF8yxQf99xhUvn6gb1FsEG\n+h+LK2GUxNn0Mk00BkDBhAXQQqb0GzQzdpAD3DRyuHhCswsd6kegcqqP6w4H/Pui\nTrKhCo2x7RXe2HxdXq3mhS6/eyhaSJymEh/9D44TqnAXlqolWSnYVGj3MXCmoJU3\nsWd0PxGaG01phKbegwpc9zotKUwH\n-----END PRIVATE KEY-----\n",
            "public_key_fingerprint_md5": "f9:7f:96:86:87:15:af:81:52:10:d8:7e:16:be:0d:88",
            "public_key_fingerprint_sha256": "SHA256:DUJ5RqXcPLA76AKBIPKrrFWe/alpNmk4NSECxZ9jzF4",
            "public_key_openssh": "ssh-rsa AAAAB3NzaC1yc2EAAAADAQABAAACAQCmjmVTNfQvMxDPmlbMCAed7RHInopm+bp92YZOpJVOQFr0Rqsa1M01Tzq1cJpaKZOo/sfn+yrom8/e2eN3yrIE/YF12fwwqFtBIwDuIg6NgupafzmWGg2oxMntWOu/B+6QOtzLigo+AopPI9Bi3k5WVX79bAoqsZD+UIOt1YrBaQjP8djYls7lPk3d79KUUCbH8xh9T9/cJhol1K/2wD69tN6payjjxxVwl/luQEEJ3QRYSxSP3VLJPIRvN/qbIjFeQo8yKdcmHCPyJ97BykcBS9oiK0ERBJunlNzSc/cquXYGW6SqjMn4kMhY6CcwPXRb1M3YtKu/SUjpiUyDqsncJfB4ZaTWPqLDMDeWkX854eEYuEoG9vOm2KDWaewMwQ4ub3GSXiEkm/cy28LjYuEDqv7yRABuZO41l7jP+28ZkTm6lqr6JNAzsqRyEko/kQMse6q8EFflSIL4nQrKQgYGJ46B4D9Y/zsmiBe2YcDe+VFh7i7YIL8dg0GXOJUF0wVHZDYH0bG5S9YMcF4ADrEfKoXXFDY/eMwi0yIZjLN4KZs7o/FdoecbFshvESuR6dRk+jo0TLgmsqARb56AsodMswV0NC70zyjgCjRjusbUJ+76YErYn/GEGQCtCRylpkdR+iKM3jM5y5SJf269MI62PbkDW3buWx6aVsObJ8wn/w==\n",
            "public_key_pem": "-----BEGIN PUBLIC KEY-----\nMIICIjANBgkqhkiG9w0BAQEFAAOCAg8AMIICCgKCAgEApo5lUzX0LzMQz5pWzAgH\nne0RyJ6KZvm6fdmGTqSVTkBa9EarGtTNNU86tXCaWimTqP7H5/sq6JvP3tnjd8qy\nBP2Bddn8MKhbQSMA7iIOjYLqWn85lhoNqMTJ7VjrvwfukDrcy4oKPgKKTyPQYt5O\nVlV+/WwKKrGQ/lCDrdWKwWkIz/HY2JbO5T5N3e/SlFAmx/MYfU/f3CYaJdSv9sA+\nvbTeqWso48cVcJf5bkBBCd0EWEsUj91SyTyEbzf6myIxXkKPMinXJhwj8ifewcpH\nAUvaIitBEQSbp5Tc0nP3Krl2BlukqozJ+JDIWOgnMD10W9TN2LSrv0lI6YlMg6rJ\n3CXweGWk1j6iwzA3lpF/OeHhGLhKBvbzptig1mnsDMEOLm9xkl4hJJv3MtvC42Lh\nA6r+8kQAbmTuNZe4z/tvGZE5upaq+iTQM7KkchJKP5EDLHuqvBBX5UiC+J0KykIG\nBieOgeA/WP87JogXtmHA3vlRYe4u2CC/HYNBlziVBdMFR2Q2B9GxuUvWDHBeAA6x\nHyqF1xQ2P3jMItMiGYyzeCmbO6PxXaHnGxbIbxErkenUZPo6NEy4JrKgEW+egLKH\nTLMFdDQu9M8o4Ao0Y7rG1Cfu+mBK2J/xhBkArQkcpaZHUfoijN4zOcuUiX9uvTCO\ntj25A1t27lsemlbDmyfMJ/8CAwEAAQ==\n-----END PUBLIC KEY-----\n",
            "rsa_bits": 4096
          },
          "sensitive_attributes": [
            [
              {
                "type": "get_attr",
                "value": "private_key_pem_pkcs8"
              }
            ],
            [
              {
                "type": "get_attr",
                "value": "private_key_openssh"
              }
            ],
            [
              {
                "type": "get_attr",
                "value": "private_key_pem"
              }
            ]
          ]
        }
      ]
    }
  ],
  "check_results": null
}
